// !$*UTF8*$!
{
	archiveVersion = 1;
	classes = {
	};
	objectVersion = 77;
	objects = {

/* Begin PBXBuildFile section */
		01BFFB4E5FF7D8DDD8CBD30A /* Localizable.strings in Resources */ = {isa = PBXBuildFile; fileRef = AD0EB16F1CC3D3CC72E1C59B /* Localizable.strings */; };
		01DA58E48A501C6B08F4F7BD /* ProductionAudioPlayer.swift in Sources */ = {isa = PBXBuildFile; fileRef = CB36498504D5EECDEBFBB566 /* ProductionAudioPlayer.swift */; };
		02152C7676CF451CFC9CAFF3 /* Translation.framework in Frameworks */ = {isa = PBXBuildFile; fileRef = B0BBA4D7AE5FC6F7633C6320 /* Translation.framework */; };
		027B77F2EA2D8D5AC6EC5A4D /* DMMono-OFL.txt in Resources */ = {isa = PBXBuildFile; fileRef = 8DEF3CBCB54BBD5B6B528BD0 /* DMMono-OFL.txt */; };
		029D1770401F5DFD895110B0 /* EchoSlider.swift in Sources */ = {isa = PBXBuildFile; fileRef = 391D038AA6CFA4E41D6DA38B /* EchoSlider.swift */; };
		08A09E5FA25B56F3C463A437 /* ProductionImportTypes.swift in Sources */ = {isa = PBXBuildFile; fileRef = F680904F80673298C5DEE717 /* ProductionImportTypes.swift */; };
		0A74644A94EC9BDF98D04B76 /* ProductionPracticeService.swift in Sources */ = {isa = PBXBuildFile; fileRef = 0591998399E6DDCB6A343683 /* ProductionPracticeService.swift */; };
		0C61B9DCAC101E125C0DCC98 /* CaptionTranscript.swift in Sources */ = {isa = PBXBuildFile; fileRef = CFD1EDA0476A327213746D77 /* CaptionTranscript.swift */; };
		0C6F71455B27C39536E0C469 /* LocalizationTests.swift in Sources */ = {isa = PBXBuildFile; fileRef = E57CC66900FE9A1A10D040C2 /* LocalizationTests.swift */; };
		0D2A84DFB0CF7E32445C6921 /* EchoSelect.swift in Sources */ = {isa = PBXBuildFile; fileRef = 1ACF7E50E3DDD99547F04946 /* EchoSelect.swift */; };
		0D5A8517F2759866D4088545 /* StoredLesson.swift in Sources */ = {isa = PBXBuildFile; fileRef = FCB951451129F5AA795669C2 /* StoredLesson.swift */; };
		0D92FEF95B967E728A6F7C61 /* SentenceView.swift in Sources */ = {isa = PBXBuildFile; fileRef = 7D27CC74F5A96020139C5395 /* SentenceView.swift */; };
		0DE4823C41BB6E25C9DEF9CB /* ReviewDetailsView.swift in Sources */ = {isa = PBXBuildFile; fileRef = 887F47FE5D5E1ED09996293D /* ReviewDetailsView.swift */; };
		132EADBB7C77B60CF0BF8E2F /* ipa.sqlite in Resources */ = {isa = PBXBuildFile; fileRef = E76C0BCB0920D1DC04A12613 /* ipa.sqlite */; };
		136EB1E6D620D9BE1FCB0D05 /* ProductionLibraryView.swift in Sources */ = {isa = PBXBuildFile; fileRef = E6E6631059721843F9DB67B5 /* ProductionLibraryView.swift */; };
		13CD2769D43EDB965CF56D49 /* LessonFixtures.swift in Sources */ = {isa = PBXBuildFile; fileRef = 03B735AEC2DD5FD3086A6CBD /* LessonFixtures.swift */; };
		140D963DBE9496344AE7C444 /* EchoSeekSlider.swift in Sources */ = {isa = PBXBuildFile; fileRef = ED80B8E48700ED28F3B2D244 /* EchoSeekSlider.swift */; };
		14FC964FDF1C02A5BD7ED9B1 /* Inter-OFL.txt in Resources */ = {isa = PBXBuildFile; fileRef = D0663A7DB1E0B1403105676A /* Inter-OFL.txt */; };
		158A40E6B4036F1C82A3870C /* ResumeCard.swift in Sources */ = {isa = PBXBuildFile; fileRef = F75BC6687FD4D7A5DA0D1126 /* ResumeCard.swift */; };
		1672A89528909B11B225EA48 /* EchoFeedback.swift in Sources */ = {isa = PBXBuildFile; fileRef = 3EAB5DB92D0475DBE8797827 /* EchoFeedback.swift */; };
		19837BD9D5D52B29E4A6D3DC /* InlineTakeFeedback.swift in Sources */ = {isa = PBXBuildFile; fileRef = 3E6DE18057C52D243E859D3E /* InlineTakeFeedback.swift */; };
		19C7A981204646DB82449F8F /* PracticeLifecycleTests.swift in Sources */ = {isa = PBXBuildFile; fileRef = A08E8429856D636DC37A51D0 /* PracticeLifecycleTests.swift */; };
		1B66EE282931CCA391780CE9 /* EchoDialog.swift in Sources */ = {isa = PBXBuildFile; fileRef = A13CE6F493B3C52E5CA9FAEE /* EchoDialog.swift */; };
		1CBEF26024EE3C3C0F39E402 /* MicrophonePreviewSheet.swift in Sources */ = {isa = PBXBuildFile; fileRef = 8037794DCA820FA69501FEF9 /* MicrophonePreviewSheet.swift */; };
		1D7421155D72341F2A6E9E96 /* britfone-MIT.txt in Resources */ = {isa = PBXBuildFile; fileRef = A90C0EB6A7A863122FCA4236 /* britfone-MIT.txt */; };
		1D97E6762A0706A99ADA6E93 /* ComponentGalleryView.swift in Sources */ = {isa = PBXBuildFile; fileRef = 912A33CDB430746A5E359924 /* ComponentGalleryView.swift */; };
		1EADEE92345CBC98E931EF87 /* PreviewRenderer.swift in Sources */ = {isa = PBXBuildFile; fileRef = 6FA418735FD98D62B37E0213 /* PreviewRenderer.swift */; };
		20E543D9FADD896F0F53AD84 /* EchoBrand.swift in Sources */ = {isa = PBXBuildFile; fileRef = 768785613B558259ECD92E40 /* EchoBrand.swift */; };
		224F650D38218A35040EE008 /* EchoStore.swift in Sources */ = {isa = PBXBuildFile; fileRef = FA0CAF6F72E4B58367F0A456 /* EchoStore.swift */; };
		26655E8CA203BE8E1E813C21 /* PracticeTake.swift in Sources */ = {isa = PBXBuildFile; fileRef = 4A6E55AD967E27D50D43CE08 /* PracticeTake.swift */; };
		270B01718178D542C2926DB6 /* ModelPackageCard.swift in Sources */ = {isa = PBXBuildFile; fileRef = CD0C10557BE417596B96067E /* ModelPackageCard.swift */; };
		27C073E8DF095ED03B46EAE2 /* AppLifecycle.swift in Sources */ = {isa = PBXBuildFile; fileRef = 70B56B61D07BFC555846C306 /* AppLifecycle.swift */; };
		28709A203777FD7291DA5D1B /* Speech.framework in Frameworks */ = {isa = PBXBuildFile; fileRef = D04028DB10BB8F73E656276E /* Speech.framework */; };
		287A4BAB10D755F5A394C966 /* PracticeSpecimens.swift in Sources */ = {isa = PBXBuildFile; fileRef = 7194EA7B504D979AC52C6A1B /* PracticeSpecimens.swift */; };
		28FB3656C2FD3C4E31935A17 /* ProductionImportSheet.swift in Sources */ = {isa = PBXBuildFile; fileRef = F24F4178D3DC9532BED4E0F4 /* ProductionImportSheet.swift */; };
		2AA75FC0FB8BA3B73822C4AE /* VideoPreviewView.swift in Sources */ = {isa = PBXBuildFile; fileRef = D9E8F585C1612BC2C107DCD5 /* VideoPreviewView.swift */; };
		2C8C086F3F332898EFC5EB6E /* PreviewImportService.swift in Sources */ = {isa = PBXBuildFile; fileRef = 7562E51F2BF08DCDFFA86D28 /* PreviewImportService.swift */; };
		2CE2645A101F366180C4AB57 /* ProductionImportPresentationMapper.swift in Sources */ = {isa = PBXBuildFile; fileRef = 12124EA65363F2E3D9F478A4 /* ProductionImportPresentationMapper.swift */; };
		2EF1D4F55DC904EDA03F1A2E /* ProductionShadowingView.swift in Sources */ = {isa = PBXBuildFile; fileRef = FDFE898663832DA10CF84CD0 /* ProductionShadowingView.swift */; };
		2F432B507BE2EA4CDA1799E7 /* EchoLocalization.swift in Sources */ = {isa = PBXBuildFile; fileRef = BD1D5FD2AB0A64D55B1333E0 /* EchoLocalization.swift */; };
		37C15BF38A46FA9D02AED52A /* GeneralSettingsView.swift in Sources */ = {isa = PBXBuildFile; fileRef = 0DD578F9A07AD2C5ED69C854 /* GeneralSettingsView.swift */; };
		3B73461E9C97975A2086E8EC /* EchoMetrics.swift in Sources */ = {isa = PBXBuildFile; fileRef = C7EA80D40CC10269378752C2 /* EchoMetrics.swift */; };
		3FBF88A7BF2025838449BC82 /* EchoTheme.swift in Sources */ = {isa = PBXBuildFile; fileRef = 019C24E20E81FABCD1A8BCF2 /* EchoTheme.swift */; };
		422212407A67078B8C2A78D8 /* ProductionDatabase.swift in Sources */ = {isa = PBXBuildFile; fileRef = 393E1C49BD4F009C864416BA /* ProductionDatabase.swift */; };
		474D6998D37881F3F046B18F /* ReadingSizeControl.swift in Sources */ = {isa = PBXBuildFile; fileRef = 23A4A6DBE72E1A607C472286 /* ReadingSizeControl.swift */; };
		4904254A30A59730472AB495 /* ProductionLibraryModel.swift in Sources */ = {isa = PBXBuildFile; fileRef = 339E2BA6309B240B16FA21E3 /* ProductionLibraryModel.swift */; };
		4B64C155C3FA8EEA520E436A /* EchoFont.swift in Sources */ = {isa = PBXBuildFile; fileRef = 875FD8C6B1BF7398D5885CF9 /* EchoFont.swift */; };
		4EBAC6D634D29C5C571FF69A /* Lucide-LICENSE in Resources */ = {isa = PBXBuildFile; fileRef = B3FB133AC2056DC2C447FAE8 /* Lucide-LICENSE */; };
		4F29BA005745574CC025460E /* DMSans-OFL.txt in Resources */ = {isa = PBXBuildFile; fileRef = 7569F431C6E2625AB237F55E /* DMSans-OFL.txt */; };
		501BD887AB251F643AA935DF /* ProductionShadowingModel.swift in Sources */ = {isa = PBXBuildFile; fileRef = F38DBDA81D48445B8A7256DE /* ProductionShadowingModel.swift */; };
		525E04AF07CC3B9C71B69322 /* Inter.ttf in Resources */ = {isa = PBXBuildFile; fileRef = EE3AA3D564ED88CB4B0EAE4D /* Inter.ttf */; };
		5630A425B34E34A72B06B867 /* PresentationSpecimens.swift in Sources */ = {isa = PBXBuildFile; fileRef = 38B42DB33617AB1A0B48724C /* PresentationSpecimens.swift */; };
		58DCD773FE259749883DE129 /* EchoPracticeStatus.swift in Sources */ = {isa = PBXBuildFile; fileRef = 4B5ADB6ABBDD285B67AB05F0 /* EchoPracticeStatus.swift */; };
		5CD0A9B063CC3C7930835409 /* TimingRules.swift in Sources */ = {isa = PBXBuildFile; fileRef = C6A39C6C1490CD6FDAB360D0 /* TimingRules.swift */; };
		5EF99694ACDC4C87845B80D0 /* ShadowingLayout.swift in Sources */ = {isa = PBXBuildFile; fileRef = 3225200848BD47EEE0FBED8A /* ShadowingLayout.swift */; };
		61F528F02AC4982CF7301DE0 /* Preferences.swift in Sources */ = {isa = PBXBuildFile; fileRef = 9825BD1E6392C7893C561D2D /* Preferences.swift */; };
		62B82F06661AA21DFFD1B60A /* conversation.jpg in Resources */ = {isa = PBXBuildFile; fileRef = E0D8BF1827A131744876751F /* conversation.jpg */; };
		657EC7333DDB41ED2C1E1933 /* LibraryCard.swift in Sources */ = {isa = PBXBuildFile; fileRef = EF5E275B9E9C8EF926FB8AD7 /* LibraryCard.swift */; };
		67D191FBD34DA73E80A7E0B2 /* SettingsLayout.swift in Sources */ = {isa = PBXBuildFile; fileRef = 1971B29459D5F17B6F5BFAF6 /* SettingsLayout.swift */; };
		6BC414D0B291DD8A2FCAD98F /* PreviewAssessmentService.swift in Sources */ = {isa = PBXBuildFile; fileRef = A7DF587646138845B1D1A83C /* PreviewAssessmentService.swift */; };
		6D1EFB45692265EE148F5750 /* SubprocessRunner.swift in Sources */ = {isa = PBXBuildFile; fileRef = B275AE7B4EA12AAB81EC0FD5 /* SubprocessRunner.swift */; };
		714DEE3E566BBFB235B96819 /* EchoLabApp.swift in Sources */ = {isa = PBXBuildFile; fileRef = 5283CDF43301A636454BDBDD /* EchoLabApp.swift */; };
		71855A82206463166F3FD1DF /* YouTubeVideoFollowerView.swift in Sources */ = {isa = PBXBuildFile; fileRef = 5633C2D2AB80B1EF61636BBD /* YouTubeVideoFollowerView.swift */; };
		77729ADD0CA8850FD7C84718 /* ShadowingReviewScaffold.swift in Sources */ = {isa = PBXBuildFile; fileRef = 2F340FCC62A77F06C246C763 /* ShadowingReviewScaffold.swift */; };
		7D08599C042A3A1FB3CEB20F /* EchoWordToken.swift in Sources */ = {isa = PBXBuildFile; fileRef = 370087264F2CC866C362A67F /* EchoWordToken.swift */; };
		7DD4E1838F4775BC06243CED /* TimingWaveform.swift in Sources */ = {isa = PBXBuildFile; fileRef = 7D6DF9F5FC19FA4DBFCF1C57 /* TimingWaveform.swift */; };
		7F2B927A985610892513682F /* EchoMediaThumbnail.swift in Sources */ = {isa = PBXBuildFile; fileRef = 0122BF92E9EFCFB8F2C57731 /* EchoMediaThumbnail.swift */; };
		83058B8D893437DBA7E56EDE /* ReviewFixtures.swift in Sources */ = {isa = PBXBuildFile; fileRef = 6AFC14B9C1FF94B9C657D9BB /* ReviewFixtures.swift */; };
		83B8A984E03D2CCEA663B95A /* AppLanguage.swift in Sources */ = {isa = PBXBuildFile; fileRef = 4318C1A0FDEDC45B9756164A /* AppLanguage.swift */; };
		84BFCF1B0178CF4389FC62A6 /* ReadingPreviewFixtures.swift in Sources */ = {isa = PBXBuildFile; fileRef = 0FDF9D828225656A81B077FF /* ReadingPreviewFixtures.swift */; };
		84F21D197B4A95F52B1982AF /* ModelPackage.swift in Sources */ = {isa = PBXBuildFile; fileRef = B089E83E86DA644D37FEB3B8 /* ModelPackage.swift */; };
		850C16D2E465309F0946B468 /* WebKit.framework in Frameworks */ = {isa = PBXBuildFile; fileRef = C2B03A01FA248FBAA46F4D36 /* WebKit.framework */; };
		8519CB99E1743D09267B8A80 /* README.md in Resources */ = {isa = PBXBuildFile; fileRef = A5A2A2A89303DD9BC9B8DC60 /* README.md */; };
		869D36877A4B0D7EDDED1264 /* D00CatalogView.swift in Sources */ = {isa = PBXBuildFile; fileRef = D49D196394B94332C268AA34 /* D00CatalogView.swift */; };
		86E6E6C5CC0F84CD5DC0E971 /* TimingEditorView.swift in Sources */ = {isa = PBXBuildFile; fileRef = 4C9E2A0720835E1616D3282E /* TimingEditorView.swift */; };
		8856FC25F877A50DFEA224D2 /* ControlSpecimens.swift in Sources */ = {isa = PBXBuildFile; fileRef = B0BEC97636275229852499CF /* ControlSpecimens.swift */; };
		8D69633150B7BC1BA84C85C9 /* DesignSystemFixtures.swift in Sources */ = {isa = PBXBuildFile; fileRef = ECBF361A987B4ACA9BEB5912 /* DesignSystemFixtures.swift */; };
		8EC8624986E0E78C63A3C247 /* QuickRefreshRow.swift in Sources */ = {isa = PBXBuildFile; fileRef = 49AB30FD8C2905A56464EF44 /* QuickRefreshRow.swift */; };
		9684FA49A03345E197399BED /* ipa-dict-MIT.txt in Resources */ = {isa = PBXBuildFile; fileRef = D77A9DA982A19A246C459794 /* ipa-dict-MIT.txt */; };
		9A64C72D048DDAE37B063D53 /* TranscriptNavigatorView.swift in Sources */ = {isa = PBXBuildFile; fileRef = FCFD965C38D055497A55B098 /* TranscriptNavigatorView.swift */; };
		9CF712C6DECC6AB6DC97EFC8 /* ProgressTakeRow.swift in Sources */ = {isa = PBXBuildFile; fileRef = 9B4FB98605110077038494E1 /* ProgressTakeRow.swift */; };
		9D5651EA6BA32902CFCE8F44 /* DeleteLessonSheet.swift in Sources */ = {isa = PBXBuildFile; fileRef = 20C79912A17B5D3CA5008D36 /* DeleteLessonSheet.swift */; };
		9E457813CEDDD6FE5F53C16E /* DMMono-Regular.ttf in Resources */ = {isa = PBXBuildFile; fileRef = 0710C0B69F7A019CE49FF929 /* DMMono-Regular.ttf */; };
		A2A5D73B682B6A95E2D7A214 /* EchoButton.swift in Sources */ = {isa = PBXBuildFile; fileRef = 94DFDE507CF23CF9D183F9A5 /* EchoButton.swift */; };
		A4D6361F4BE91E3788AC6805 /* ReviewSummaryView.swift in Sources */ = {isa = PBXBuildFile; fileRef = 717C0B55DADA9643F70D5013 /* ReviewSummaryView.swift */; };
		A60C7C8F00C8CD1A83340E8F /* ShadowingView.swift in Sources */ = {isa = PBXBuildFile; fileRef = 8B921979B0DE76A781000723 /* ShadowingView.swift */; };
		A617709BFF1A658FBFEB8566 /* ImportSheet.swift in Sources */ = {isa = PBXBuildFile; fileRef = 729D6FDCA6DD095FADE026A5 /* ImportSheet.swift */; };
		A61A7FDF068ABC9B6C25F8A1 /* ReadingSize.swift in Sources */ = {isa = PBXBuildFile; fileRef = 3AD2A9A377042F07921D41A1 /* ReadingSize.swift */; };
		A61DEE173B5DA73EC606333A /* RepeatOptionsView.swift in Sources */ = {isa = PBXBuildFile; fileRef = 8D26BCDB6CF257B8C7F695D9 /* RepeatOptionsView.swift */; };
		A69D3499F0ACAFC4FA61DDD8 /* AppRootView.swift in Sources */ = {isa = PBXBuildFile; fileRef = E354EF5F8080BB0B46D41194 /* AppRootView.swift */; };
		A79F4FBE5D4E4573905EBBDB /* ProductionAudioRecorder.swift in Sources */ = {isa = PBXBuildFile; fileRef = FC631B8A50B361291CE49A43 /* ProductionAudioRecorder.swift */; };
		A8EEBB6C5F9BA11A8209F32B /* PreviewSnapshot.swift in Sources */ = {isa = PBXBuildFile; fileRef = B41A6541F7002EC063561769 /* PreviewSnapshot.swift */; };
		AC8E56C8CA60CCD982C848BA /* LibraryView.swift in Sources */ = {isa = PBXBuildFile; fileRef = 6021809CAC229B9408062515 /* LibraryView.swift */; };
		AF8D10E4CD18D9493CFB3DBB /* libsqlite3.tbd in Frameworks */ = {isa = PBXBuildFile; fileRef = 0EF4672BC8227CC54D5EB813 /* libsqlite3.tbd */; };
		B0B0861A6A5AEAB034BB3ABE /* WordPronunciationView.swift in Sources */ = {isa = PBXBuildFile; fileRef = 1190356A7B68DCAD5900A707 /* WordPronunciationView.swift */; };
		B3E87DCACD3CB64C8246F11E /* PreviewScenariosView.swift in Sources */ = {isa = PBXBuildFile; fileRef = F4FC5305CF290BD9201B7F4B /* PreviewScenariosView.swift */; };
		B599BCDED01D0507FAD35BAC /* Brand.xcassets in Resources */ = {isa = PBXBuildFile; fileRef = 0F9B6FAB0DBB7FD27EF2D664 /* Brand.xcassets */; };
		B738D87967B12A0D7BD66113 /* ShadowingPracticeScaffold.swift in Sources */ = {isa = PBXBuildFile; fileRef = 0CF231879D56C4C0D612214B /* ShadowingPracticeScaffold.swift */; };
		B9D875688F36BFC244AFC46F /* OfflineIPADictionary.swift in Sources */ = {isa = PBXBuildFile; fileRef = D063DA89053A82A338CC942F /* OfflineIPADictionary.swift */; };
		B9D8D0AC79B4146B642DA44E /* RecordingModelsSettingsView.swift in Sources */ = {isa = PBXBuildFile; fileRef = 338D551B21290262325FC815 /* RecordingModelsSettingsView.swift */; };
		BA65BEF35DCAA3AD612047D2 /* Lesson.swift in Sources */ = {isa = PBXBuildFile; fileRef = D50661E13519CC63EE9E3C1F /* Lesson.swift */; };
		C0AE26C2DA334A2BC8AE9612 /* ImportJobBanner.swift in Sources */ = {isa = PBXBuildFile; fileRef = 6561524A9BFA7E5C5EB6AF31 /* ImportJobBanner.swift */; };
		C115D106733E200269C4F990 /* ImportPreparationPresentation.swift in Sources */ = {isa = PBXBuildFile; fileRef = 3B80E5FF78577691512DDBC7 /* ImportPreparationPresentation.swift */; };
		C11B00E4D0A333FAB4F5D284 /* WordFlowLayout.swift in Sources */ = {isa = PBXBuildFile; fileRef = CED4ED225B4B8516DD0ED2F3 /* WordFlowLayout.swift */; };
		C1BB3A9B82CB81B0E3AC4376 /* EchoMotion.swift in Sources */ = {isa = PBXBuildFile; fileRef = BBB80D6BD4C4259AD312FBC6 /* EchoMotion.swift */; };
		C83A8E0072C0D057540770A3 /* ModelFixtures.swift in Sources */ = {isa = PBXBuildFile; fileRef = 0D35F53CE3B9BFF1FBDC7368 /* ModelFixtures.swift */; };
		C8E929373642133DDA5C298B /* EchoComponents.swift in Sources */ = {isa = PBXBuildFile; fileRef = F20DC2D5667A4691E8238F90 /* EchoComponents.swift */; };
		C9B8356FAF94940D2472784A /* PracticeController.swift in Sources */ = {isa = PBXBuildFile; fileRef = FE99E306490D8ED64C126EA2 /* PracticeController.swift */; };
		CA2AFC0CD87F686C03F34B04 /* microphone.jpg in Resources */ = {isa = PBXBuildFile; fileRef = 6A20836F351A960A07E75423 /* microphone.jpg */; };
		CB53A533EFF9403DFD51354F /* AppleSpeechCaptionTranscriber.swift in Sources */ = {isa = PBXBuildFile; fileRef = 50CCDC1247E1E58A5101E68F /* AppleSpeechCaptionTranscriber.swift */; };
		CC32F4B8835C4A5C85286297 /* EchoControlState.swift in Sources */ = {isa = PBXBuildFile; fileRef = EE8998A31EB8D0ABD5EA431D /* EchoControlState.swift */; };
		D04229A740CBEB09EA7A4874 /* ProductionPracticeTypes.swift in Sources */ = {isa = PBXBuildFile; fileRef = 1BCD83F6C3A05437195A0A50 /* ProductionPracticeTypes.swift */; };
		D1158FD86D3DF6FD8436184F /* ImportPreparationFixtures.swift in Sources */ = {isa = PBXBuildFile; fileRef = 674F7191ADAFFEBE25BA12C0 /* ImportPreparationFixtures.swift */; };
		D18013657AEDFC157F547BCC /* ProductionPreparationSheets.swift in Sources */ = {isa = PBXBuildFile; fileRef = B4381207C8A39295402A6C60 /* ProductionPreparationSheets.swift */; };
		D22A2D8B14145D24B43CF663 /* story.jpg in Resources */ = {isa = PBXBuildFile; fileRef = ADB2DB28F300C0B734551AA9 /* story.jpg */; };
		D762B010405C2C8CEC6B9D20 /* ProductionImportService.swift in Sources */ = {isa = PBXBuildFile; fileRef = E5267A8E1D09CB7067E41C21 /* ProductionImportService.swift */; };
		D844C62215D7706FD25FD991 /* PreviewPersistenceTests.swift in Sources */ = {isa = PBXBuildFile; fileRef = BEF60D6C3C5CC0087E77D436 /* PreviewPersistenceTests.swift */; };
		D972929B39A1BE32A6B5EEB8 /* EchoFieldBorder.swift in Sources */ = {isa = PBXBuildFile; fileRef = 9F15DAC0BB011F0C3D08D34A /* EchoFieldBorder.swift */; };
		D9D2BCF2847AA9CEBB5B6DD2 /* ProductionPracticeController.swift in Sources */ = {isa = PBXBuildFile; fileRef = 49A6F24922BDF9F70FB49213 /* ProductionPracticeController.swift */; };
		DA0968562EC490C9C5724E11 /* PracticeTransportView.swift in Sources */ = {isa = PBXBuildFile; fileRef = 984A42B05A70F45E394FE883 /* PracticeTransportView.swift */; };
		DB8A6928D699980A501F906E /* ProgressView.swift in Sources */ = {isa = PBXBuildFile; fileRef = 1819F4F733BE78921644E67D /* ProgressView.swift */; };
		DCB3C4ECEFC9989CEBD7AF1D /* PreviewFixtures.swift in Sources */ = {isa = PBXBuildFile; fileRef = DD203105612EB370EAABBA79 /* PreviewFixtures.swift */; };
		DEB2832374FB3E74FD4E86E2 /* EchoRowButton.swift in Sources */ = {isa = PBXBuildFile; fileRef = 539DF4BC874EED4410C87357 /* EchoRowButton.swift */; };
		E00831920D170F180071A82E /* PreviewRepository.swift in Sources */ = {isa = PBXBuildFile; fileRef = E2FC2892CB262840BEFE1A3E /* PreviewRepository.swift */; };
		E145C5B2986A3212D25D520C /* BackendPaths.swift in Sources */ = {isa = PBXBuildFile; fileRef = 7C34DF4389D4860B601515BE /* BackendPaths.swift */; };
		E1BCCD1B693F6E26BBBE3BE6 /* ProductionPersistenceTests.swift in Sources */ = {isa = PBXBuildFile; fileRef = 7301D100AF53E26E2C30070C /* ProductionPersistenceTests.swift */; };
		E419D1B904430A9FB5EB14EE /* AppleTranslationPreparer.swift in Sources */ = {isa = PBXBuildFile; fileRef = AC34B805966719EEB911E8C5 /* AppleTranslationPreparer.swift */; };
		E61537AE3957FC172214E5E6 /* EchoNumberField.swift in Sources */ = {isa = PBXBuildFile; fileRef = 270584325F6DF11DC560DD89 /* EchoNumberField.swift */; };
		E6EDC7C9899D9209EF8836AC /* EchoTransportButton.swift in Sources */ = {isa = PBXBuildFile; fileRef = 6D5CB8FE97337260B720C867 /* EchoTransportButton.swift */; };
		E754029E8E4575B8FF1B6FA8 /* ProductionImportJobBanner.swift in Sources */ = {isa = PBXBuildFile; fileRef = FEF03B855108B4421332C318 /* ProductionImportJobBanner.swift */; };
		E848C67376A2F0F182106468 /* Icons.xcassets in Resources */ = {isa = PBXBuildFile; fileRef = BDEAC8EC3835C3E90078F407 /* Icons.xcassets */; };
		EB9F27609FA0EFA2F1A51620 /* EchoTextField.swift in Sources */ = {isa = PBXBuildFile; fileRef = F98A0AF82E3A81A535CD98C9 /* EchoTextField.swift */; };
		ECA2E28FACBC5E5E04CA19C0 /* EchoSelectionControls.swift in Sources */ = {isa = PBXBuildFile; fileRef = CCC4F2DA0FCD6ACD44169E73 /* EchoSelectionControls.swift */; };
		ED56818965C2176A4E0895F0 /* DMSans.ttf in Resources */ = {isa = PBXBuildFile; fileRef = 0A110D98372B16B1A6B0CEB4 /* DMSans.ttf */; };
		EE7A7BDA764371F888E76DE5 /* TimingRulesTests.swift in Sources */ = {isa = PBXBuildFile; fileRef = 3B778F52B17132B431B43769 /* TimingRulesTests.swift */; };
		F2529A55C8BECE5546EE1424 /* rhythm.jpg in Resources */ = {isa = PBXBuildFile; fileRef = CA80481E760159BAF7848316 /* rhythm.jpg */; };
		F25EE1B2A329E75C463A8258 /* ReviewPanelView.swift in Sources */ = {isa = PBXBuildFile; fileRef = 20A3F8E5F5556DEB4ECF78A1 /* ReviewPanelView.swift */; };
		F46DBB5FCFE748DFC661EF30 /* PackageDetailsView.swift in Sources */ = {isa = PBXBuildFile; fileRef = 210E8AF6764ABB67D823E722 /* PackageDetailsView.swift */; };
		F8E46A013EB456F9A64F12E8 /* DesignSystemParityTests.swift in Sources */ = {isa = PBXBuildFile; fileRef = FDA68F5ABE9AD36CB87D5F65 /* DesignSystemParityTests.swift */; };
		FA4875548F805788F51E1D61 /* SettingsView.swift in Sources */ = {isa = PBXBuildFile; fileRef = 6AEF7688E15DEF6F9A422925 /* SettingsView.swift */; };
		FABFC8171EB79DFD7C57AEEE /* ReadingInteractionTests.swift in Sources */ = {isa = PBXBuildFile; fileRef = 5AFFB2F90C5D1761F226DDEB /* ReadingInteractionTests.swift */; };
		FB69BB0699566F83A8832C6A /* BundledImportToolchain.swift in Sources */ = {isa = PBXBuildFile; fileRef = 45266748E3409A8EE22AA5EB /* BundledImportToolchain.swift */; };
		FB8BB9578B49880D348AF529 /* EchoUnsavedSheet.swift in Sources */ = {isa = PBXBuildFile; fileRef = 523834460E62B68AB6B7610A /* EchoUnsavedSheet.swift */; };
		FB968F7E43CD811E5874419E /* IPAAnnotationPreparer.swift in Sources */ = {isa = PBXBuildFile; fileRef = EC79AC49DEEC3BB33EEE9572 /* IPAAnnotationPreparer.swift */; };
/* End PBXBuildFile section */

/* Begin PBXContainerItemProxy section */
		B949909DE7A9F9A35A53B225 /* PBXContainerItemProxy */ = {
			isa = PBXContainerItemProxy;
			containerPortal = 712088D69C254C269D2C6851 /* Project object */;
			proxyType = 1;
			remoteGlobalIDString = C2B59B36CD9D74C4D258AFE7;
			remoteInfo = EchoLab;
		};
/* End PBXContainerItemProxy section */

/* Begin PBXFileReference section */
		0122BF92E9EFCFB8F2C57731 /* EchoMediaThumbnail.swift */ = {isa = PBXFileReference; lastKnownFileType = sourcecode.swift; path = EchoMediaThumbnail.swift; sourceTree = "<group>"; };
		019C24E20E81FABCD1A8BCF2 /* EchoTheme.swift */ = {isa = PBXFileReference; lastKnownFileType = sourcecode.swift; path = EchoTheme.swift; sourceTree = "<group>"; };
		03B735AEC2DD5FD3086A6CBD /* LessonFixtures.swift */ = {isa = PBXFileReference; lastKnownFileType = sourcecode.swift; path = LessonFixtures.swift; sourceTree = "<group>"; };
		0591998399E6DDCB6A343683 /* ProductionPracticeService.swift */ = {isa = PBXFileReference; lastKnownFileType = sourcecode.swift; path = ProductionPracticeService.swift; sourceTree = "<group>"; };
		0710C0B69F7A019CE49FF929 /* DMMono-Regular.ttf */ = {isa = PBXFileReference; lastKnownFileType = file; path = "DMMono-Regular.ttf"; sourceTree = "<group>"; };
		0A110D98372B16B1A6B0CEB4 /* DMSans.ttf */ = {isa = PBXFileReference; lastKnownFileType = file; path = DMSans.ttf; sourceTree = "<group>"; };
		0CF231879D56C4C0D612214B /* ShadowingPracticeScaffold.swift */ = {isa = PBXFileReference; lastKnownFileType = sourcecode.swift; path = ShadowingPracticeScaffold.swift; sourceTree = "<group>"; };
		0D35F53CE3B9BFF1FBDC7368 /* ModelFixtures.swift */ = {isa = PBXFileReference; lastKnownFileType = sourcecode.swift; path = ModelFixtures.swift; sourceTree = "<group>"; };
		0DD578F9A07AD2C5ED69C854 /* GeneralSettingsView.swift */ = {isa = PBXFileReference; lastKnownFileType = sourcecode.swift; path = GeneralSettingsView.swift; sourceTree = "<group>"; };
		0EF4672BC8227CC54D5EB813 /* libsqlite3.tbd */ = {isa = PBXFileReference; lastKnownFileType = "sourcecode.text-based-dylib-definition"; name = libsqlite3.tbd; path = usr/lib/libsqlite3.tbd; sourceTree = SDKROOT; };
		0F9B6FAB0DBB7FD27EF2D664 /* Brand.xcassets */ = {isa = PBXFileReference; lastKnownFileType = folder.assetcatalog; path = Brand.xcassets; sourceTree = "<group>"; };
		0FDF9D828225656A81B077FF /* ReadingPreviewFixtures.swift */ = {isa = PBXFileReference; lastKnownFileType = sourcecode.swift; path = ReadingPreviewFixtures.swift; sourceTree = "<group>"; };
		1190356A7B68DCAD5900A707 /* WordPronunciationView.swift */ = {isa = PBXFileReference; lastKnownFileType = sourcecode.swift; path = WordPronunciationView.swift; sourceTree = "<group>"; };
		12124EA65363F2E3D9F478A4 /* ProductionImportPresentationMapper.swift */ = {isa = PBXFileReference; lastKnownFileType = sourcecode.swift; path = ProductionImportPresentationMapper.swift; sourceTree = "<group>"; };
		1819F4F733BE78921644E67D /* ProgressView.swift */ = {isa = PBXFileReference; lastKnownFileType = sourcecode.swift; path = ProgressView.swift; sourceTree = "<group>"; };
		1971B29459D5F17B6F5BFAF6 /* SettingsLayout.swift */ = {isa = PBXFileReference; lastKnownFileType = sourcecode.swift; path = SettingsLayout.swift; sourceTree = "<group>"; };
		1ACF7E50E3DDD99547F04946 /* EchoSelect.swift */ = {isa = PBXFileReference; lastKnownFileType = sourcecode.swift; path = EchoSelect.swift; sourceTree = "<group>"; };
		1BCD83F6C3A05437195A0A50 /* ProductionPracticeTypes.swift */ = {isa = PBXFileReference; lastKnownFileType = sourcecode.swift; path = ProductionPracticeTypes.swift; sourceTree = "<group>"; };
		20A3F8E5F5556DEB4ECF78A1 /* ReviewPanelView.swift */ = {isa = PBXFileReference; lastKnownFileType = sourcecode.swift; path = ReviewPanelView.swift; sourceTree = "<group>"; };
		20C79912A17B5D3CA5008D36 /* DeleteLessonSheet.swift */ = {isa = PBXFileReference; lastKnownFileType = sourcecode.swift; path = DeleteLessonSheet.swift; sourceTree = "<group>"; };
		210E8AF6764ABB67D823E722 /* PackageDetailsView.swift */ = {isa = PBXFileReference; lastKnownFileType = sourcecode.swift; path = PackageDetailsView.swift; sourceTree = "<group>"; };
		23A4A6DBE72E1A607C472286 /* ReadingSizeControl.swift */ = {isa = PBXFileReference; lastKnownFileType = sourcecode.swift; path = ReadingSizeControl.swift; sourceTree = "<group>"; };
		270584325F6DF11DC560DD89 /* EchoNumberField.swift */ = {isa = PBXFileReference; lastKnownFileType = sourcecode.swift; path = EchoNumberField.swift; sourceTree = "<group>"; };
		2F340FCC62A77F06C246C763 /* ShadowingReviewScaffold.swift */ = {isa = PBXFileReference; lastKnownFileType = sourcecode.swift; path = ShadowingReviewScaffold.swift; sourceTree = "<group>"; };
		3225200848BD47EEE0FBED8A /* ShadowingLayout.swift */ = {isa = PBXFileReference; lastKnownFileType = sourcecode.swift; path = ShadowingLayout.swift; sourceTree = "<group>"; };
		338D551B21290262325FC815 /* RecordingModelsSettingsView.swift */ = {isa = PBXFileReference; lastKnownFileType = sourcecode.swift; path = RecordingModelsSettingsView.swift; sourceTree = "<group>"; };
		339E2BA6309B240B16FA21E3 /* ProductionLibraryModel.swift */ = {isa = PBXFileReference; lastKnownFileType = sourcecode.swift; path = ProductionLibraryModel.swift; sourceTree = "<group>"; };
		370087264F2CC866C362A67F /* EchoWordToken.swift */ = {isa = PBXFileReference; lastKnownFileType = sourcecode.swift; path = EchoWordToken.swift; sourceTree = "<group>"; };
		38B42DB33617AB1A0B48724C /* PresentationSpecimens.swift */ = {isa = PBXFileReference; lastKnownFileType = sourcecode.swift; path = PresentationSpecimens.swift; sourceTree = "<group>"; };
		391D038AA6CFA4E41D6DA38B /* EchoSlider.swift */ = {isa = PBXFileReference; lastKnownFileType = sourcecode.swift; path = EchoSlider.swift; sourceTree = "<group>"; };
		393E1C49BD4F009C864416BA /* ProductionDatabase.swift */ = {isa = PBXFileReference; lastKnownFileType = sourcecode.swift; path = ProductionDatabase.swift; sourceTree = "<group>"; };
		3AD2A9A377042F07921D41A1 /* ReadingSize.swift */ = {isa = PBXFileReference; lastKnownFileType = sourcecode.swift; path = ReadingSize.swift; sourceTree = "<group>"; };
		3B778F52B17132B431B43769 /* TimingRulesTests.swift */ = {isa = PBXFileReference; lastKnownFileType = sourcecode.swift; path = TimingRulesTests.swift; sourceTree = "<group>"; };
		3B80E5FF78577691512DDBC7 /* ImportPreparationPresentation.swift */ = {isa = PBXFileReference; lastKnownFileType = sourcecode.swift; path = ImportPreparationPresentation.swift; sourceTree = "<group>"; };
		3E6DE18057C52D243E859D3E /* InlineTakeFeedback.swift */ = {isa = PBXFileReference; lastKnownFileType = sourcecode.swift; path = InlineTakeFeedback.swift; sourceTree = "<group>"; };
		3EAB5DB92D0475DBE8797827 /* EchoFeedback.swift */ = {isa = PBXFileReference; lastKnownFileType = sourcecode.swift; path = EchoFeedback.swift; sourceTree = "<group>"; };
		4318C1A0FDEDC45B9756164A /* AppLanguage.swift */ = {isa = PBXFileReference; lastKnownFileType = sourcecode.swift; path = AppLanguage.swift; sourceTree = "<group>"; };
		45266748E3409A8EE22AA5EB /* BundledImportToolchain.swift */ = {isa = PBXFileReference; lastKnownFileType = sourcecode.swift; path = BundledImportToolchain.swift; sourceTree = "<group>"; };
		49A6F24922BDF9F70FB49213 /* ProductionPracticeController.swift */ = {isa = PBXFileReference; lastKnownFileType = sourcecode.swift; path = ProductionPracticeController.swift; sourceTree = "<group>"; };
		49AB30FD8C2905A56464EF44 /* QuickRefreshRow.swift */ = {isa = PBXFileReference; lastKnownFileType = sourcecode.swift; path = QuickRefreshRow.swift; sourceTree = "<group>"; };
		4A6E55AD967E27D50D43CE08 /* PracticeTake.swift */ = {isa = PBXFileReference; lastKnownFileType = sourcecode.swift; path = PracticeTake.swift; sourceTree = "<group>"; };
		4B5ADB6ABBDD285B67AB05F0 /* EchoPracticeStatus.swift */ = {isa = PBXFileReference; lastKnownFileType = sourcecode.swift; path = EchoPracticeStatus.swift; sourceTree = "<group>"; };
		4C9E2A0720835E1616D3282E /* TimingEditorView.swift */ = {isa = PBXFileReference; lastKnownFileType = sourcecode.swift; path = TimingEditorView.swift; sourceTree = "<group>"; };
		50CCDC1247E1E58A5101E68F /* AppleSpeechCaptionTranscriber.swift */ = {isa = PBXFileReference; lastKnownFileType = sourcecode.swift; path = AppleSpeechCaptionTranscriber.swift; sourceTree = "<group>"; };
		523834460E62B68AB6B7610A /* EchoUnsavedSheet.swift */ = {isa = PBXFileReference; lastKnownFileType = sourcecode.swift; path = EchoUnsavedSheet.swift; sourceTree = "<group>"; };
		5283CDF43301A636454BDBDD /* EchoLabApp.swift */ = {isa = PBXFileReference; lastKnownFileType = sourcecode.swift; path = EchoLabApp.swift; sourceTree = "<group>"; };
		539DF4BC874EED4410C87357 /* EchoRowButton.swift */ = {isa = PBXFileReference; lastKnownFileType = sourcecode.swift; path = EchoRowButton.swift; sourceTree = "<group>"; };
		5633C2D2AB80B1EF61636BBD /* YouTubeVideoFollowerView.swift */ = {isa = PBXFileReference; lastKnownFileType = sourcecode.swift; path = YouTubeVideoFollowerView.swift; sourceTree = "<group>"; };
		5AFFB2F90C5D1761F226DDEB /* ReadingInteractionTests.swift */ = {isa = PBXFileReference; lastKnownFileType = sourcecode.swift; path = ReadingInteractionTests.swift; sourceTree = "<group>"; };
		6021809CAC229B9408062515 /* LibraryView.swift */ = {isa = PBXFileReference; lastKnownFileType = sourcecode.swift; path = LibraryView.swift; sourceTree = "<group>"; };
		6561524A9BFA7E5C5EB6AF31 /* ImportJobBanner.swift */ = {isa = PBXFileReference; lastKnownFileType = sourcecode.swift; path = ImportJobBanner.swift; sourceTree = "<group>"; };
		674F7191ADAFFEBE25BA12C0 /* ImportPreparationFixtures.swift */ = {isa = PBXFileReference; lastKnownFileType = sourcecode.swift; path = ImportPreparationFixtures.swift; sourceTree = "<group>"; };
		6A20836F351A960A07E75423 /* microphone.jpg */ = {isa = PBXFileReference; lastKnownFileType = image.jpeg; path = microphone.jpg; sourceTree = "<group>"; };
		6AEF7688E15DEF6F9A422925 /* SettingsView.swift */ = {isa = PBXFileReference; lastKnownFileType = sourcecode.swift; path = SettingsView.swift; sourceTree = "<group>"; };
		6AFC14B9C1FF94B9C657D9BB /* ReviewFixtures.swift */ = {isa = PBXFileReference; lastKnownFileType = sourcecode.swift; path = ReviewFixtures.swift; sourceTree = "<group>"; };
		6D5CB8FE97337260B720C867 /* EchoTransportButton.swift */ = {isa = PBXFileReference; lastKnownFileType = sourcecode.swift; path = EchoTransportButton.swift; sourceTree = "<group>"; };
		6FA418735FD98D62B37E0213 /* PreviewRenderer.swift */ = {isa = PBXFileReference; lastKnownFileType = sourcecode.swift; path = PreviewRenderer.swift; sourceTree = "<group>"; };
		70B56B61D07BFC555846C306 /* AppLifecycle.swift */ = {isa = PBXFileReference; lastKnownFileType = sourcecode.swift; path = AppLifecycle.swift; sourceTree = "<group>"; };
		717C0B55DADA9643F70D5013 /* ReviewSummaryView.swift */ = {isa = PBXFileReference; lastKnownFileType = sourcecode.swift; path = ReviewSummaryView.swift; sourceTree = "<group>"; };
		7194EA7B504D979AC52C6A1B /* PracticeSpecimens.swift */ = {isa = PBXFileReference; lastKnownFileType = sourcecode.swift; path = PracticeSpecimens.swift; sourceTree = "<group>"; };
		729D6FDCA6DD095FADE026A5 /* ImportSheet.swift */ = {isa = PBXFileReference; lastKnownFileType = sourcecode.swift; path = ImportSheet.swift; sourceTree = "<group>"; };
		7301D100AF53E26E2C30070C /* ProductionPersistenceTests.swift */ = {isa = PBXFileReference; lastKnownFileType = sourcecode.swift; path = ProductionPersistenceTests.swift; sourceTree = "<group>"; };
		7562E51F2BF08DCDFFA86D28 /* PreviewImportService.swift */ = {isa = PBXFileReference; lastKnownFileType = sourcecode.swift; path = PreviewImportService.swift; sourceTree = "<group>"; };
		7569F431C6E2625AB237F55E /* DMSans-OFL.txt */ = {isa = PBXFileReference; lastKnownFileType = text; path = "DMSans-OFL.txt"; sourceTree = "<group>"; };
		768785613B558259ECD92E40 /* EchoBrand.swift */ = {isa = PBXFileReference; lastKnownFileType = sourcecode.swift; path = EchoBrand.swift; sourceTree = "<group>"; };
		7C34DF4389D4860B601515BE /* BackendPaths.swift */ = {isa = PBXFileReference; lastKnownFileType = sourcecode.swift; path = BackendPaths.swift; sourceTree = "<group>"; };
		7C744372CB839B844F9EE78A /* EchoLab.app */ = {isa = PBXFileReference; explicitFileType = wrapper.application; includeInIndex = 0; path = EchoLab.app; sourceTree = BUILT_PRODUCTS_DIR; };
		7D27CC74F5A96020139C5395 /* SentenceView.swift */ = {isa = PBXFileReference; lastKnownFileType = sourcecode.swift; path = SentenceView.swift; sourceTree = "<group>"; };
		7D6DF9F5FC19FA4DBFCF1C57 /* TimingWaveform.swift */ = {isa = PBXFileReference; lastKnownFileType = sourcecode.swift; path = TimingWaveform.swift; sourceTree = "<group>"; };
		8037794DCA820FA69501FEF9 /* MicrophonePreviewSheet.swift */ = {isa = PBXFileReference; lastKnownFileType = sourcecode.swift; path = MicrophonePreviewSheet.swift; sourceTree = "<group>"; };
		875FD8C6B1BF7398D5885CF9 /* EchoFont.swift */ = {isa = PBXFileReference; lastKnownFileType = sourcecode.swift; path = EchoFont.swift; sourceTree = "<group>"; };
		87B3D808DE15C10B1134F230 /* EchoLabTests.xctest */ = {isa = PBXFileReference; explicitFileType = wrapper.cfbundle; includeInIndex = 0; path = EchoLabTests.xctest; sourceTree = BUILT_PRODUCTS_DIR; };
		887F47FE5D5E1ED09996293D /* ReviewDetailsView.swift */ = {isa = PBXFileReference; lastKnownFileType = sourcecode.swift; path = ReviewDetailsView.swift; sourceTree = "<group>"; };
		8B921979B0DE76A781000723 /* ShadowingView.swift */ = {isa = PBXFileReference; lastKnownFileType = sourcecode.swift; path = ShadowingView.swift; sourceTree = "<group>"; };
		8D26BCDB6CF257B8C7F695D9 /* RepeatOptionsView.swift */ = {isa = PBXFileReference; lastKnownFileType = sourcecode.swift; path = RepeatOptionsView.swift; sourceTree = "<group>"; };
		8DEF3CBCB54BBD5B6B528BD0 /* DMMono-OFL.txt */ = {isa = PBXFileReference; lastKnownFileType = text; path = "DMMono-OFL.txt"; sourceTree = "<group>"; };
		9040FFDB2AB5F1C903433A49 /* vi */ = {isa = PBXFileReference; lastKnownFileType = text.plist.strings; name = vi; path = vi.lproj/Localizable.strings; sourceTree = "<group>"; };
		908B4C169C7D22BD48A590A5 /* EchoLab.entitlements */ = {isa = PBXFileReference; lastKnownFileType = text.plist.entitlements; path = EchoLab.entitlements; sourceTree = "<group>"; };
		912A33CDB430746A5E359924 /* ComponentGalleryView.swift */ = {isa = PBXFileReference; lastKnownFileType = sourcecode.swift; path = ComponentGalleryView.swift; sourceTree = "<group>"; };
		94DFDE507CF23CF9D183F9A5 /* EchoButton.swift */ = {isa = PBXFileReference; lastKnownFileType = sourcecode.swift; path = EchoButton.swift; sourceTree = "<group>"; };
		9825BD1E6392C7893C561D2D /* Preferences.swift */ = {isa = PBXFileReference; lastKnownFileType = sourcecode.swift; path = Preferences.swift; sourceTree = "<group>"; };
		984A42B05A70F45E394FE883 /* PracticeTransportView.swift */ = {isa = PBXFileReference; lastKnownFileType = sourcecode.swift; path = PracticeTransportView.swift; sourceTree = "<group>"; };
		9B4FB98605110077038494E1 /* ProgressTakeRow.swift */ = {isa = PBXFileReference; lastKnownFileType = sourcecode.swift; path = ProgressTakeRow.swift; sourceTree = "<group>"; };
		9F15DAC0BB011F0C3D08D34A /* EchoFieldBorder.swift */ = {isa = PBXFileReference; lastKnownFileType = sourcecode.swift; path = EchoFieldBorder.swift; sourceTree = "<group>"; };
		A08E8429856D636DC37A51D0 /* PracticeLifecycleTests.swift */ = {isa = PBXFileReference; lastKnownFileType = sourcecode.swift; path = PracticeLifecycleTests.swift; sourceTree = "<group>"; };
		A13CE6F493B3C52E5CA9FAEE /* EchoDialog.swift */ = {isa = PBXFileReference; lastKnownFileType = sourcecode.swift; path = EchoDialog.swift; sourceTree = "<group>"; };
		A5A2A2A89303DD9BC9B8DC60 /* README.md */ = {isa = PBXFileReference; lastKnownFileType = net.daringfireball.markdown; path = README.md; sourceTree = "<group>"; };
		A7DF587646138845B1D1A83C /* PreviewAssessmentService.swift */ = {isa = PBXFileReference; lastKnownFileType = sourcecode.swift; path = PreviewAssessmentService.swift; sourceTree = "<group>"; };
		A90C0EB6A7A863122FCA4236 /* britfone-MIT.txt */ = {isa = PBXFileReference; lastKnownFileType = text; path = "britfone-MIT.txt"; sourceTree = "<group>"; };
		AC34B805966719EEB911E8C5 /* AppleTranslationPreparer.swift */ = {isa = PBXFileReference; lastKnownFileType = sourcecode.swift; path = AppleTranslationPreparer.swift; sourceTree = "<group>"; };
		ADAC8C3569090BCCE4C6C8E5 /* en */ = {isa = PBXFileReference; lastKnownFileType = text.plist.strings; name = en; path = en.lproj/Localizable.strings; sourceTree = "<group>"; };
		ADB2DB28F300C0B734551AA9 /* story.jpg */ = {isa = PBXFileReference; lastKnownFileType = image.jpeg; path = story.jpg; sourceTree = "<group>"; };
		B089E83E86DA644D37FEB3B8 /* ModelPackage.swift */ = {isa = PBXFileReference; lastKnownFileType = sourcecode.swift; path = ModelPackage.swift; sourceTree = "<group>"; };
		B0BBA4D7AE5FC6F7633C6320 /* Translation.framework */ = {isa = PBXFileReference; lastKnownFileType = wrapper.framework; name = Translation.framework; path = System/Library/Frameworks/Translation.framework; sourceTree = SDKROOT; };
		B0BEC97636275229852499CF /* ControlSpecimens.swift */ = {isa = PBXFileReference; lastKnownFileType = sourcecode.swift; path = ControlSpecimens.swift; sourceTree = "<group>"; };
		B275AE7B4EA12AAB81EC0FD5 /* SubprocessRunner.swift */ = {isa = PBXFileReference; lastKnownFileType = sourcecode.swift; path = SubprocessRunner.swift; sourceTree = "<group>"; };
		B3FB133AC2056DC2C447FAE8 /* Lucide-LICENSE */ = {isa = PBXFileReference; path = "Lucide-LICENSE"; sourceTree = "<group>"; };
		B41A6541F7002EC063561769 /* PreviewSnapshot.swift */ = {isa = PBXFileReference; lastKnownFileType = sourcecode.swift; path = PreviewSnapshot.swift; sourceTree = "<group>"; };
		B4381207C8A39295402A6C60 /* ProductionPreparationSheets.swift */ = {isa = PBXFileReference; lastKnownFileType = sourcecode.swift; path = ProductionPreparationSheets.swift; sourceTree = "<group>"; };
		BBB80D6BD4C4259AD312FBC6 /* EchoMotion.swift */ = {isa = PBXFileReference; lastKnownFileType = sourcecode.swift; path = EchoMotion.swift; sourceTree = "<group>"; };
		BD1D5FD2AB0A64D55B1333E0 /* EchoLocalization.swift */ = {isa = PBXFileReference; lastKnownFileType = sourcecode.swift; path = EchoLocalization.swift; sourceTree = "<group>"; };
		BDEAC8EC3835C3E90078F407 /* Icons.xcassets */ = {isa = PBXFileReference; lastKnownFileType = folder.assetcatalog; path = Icons.xcassets; sourceTree = "<group>"; };
		BEF60D6C3C5CC0087E77D436 /* PreviewPersistenceTests.swift */ = {isa = PBXFileReference; lastKnownFileType = sourcecode.swift; path = PreviewPersistenceTests.swift; sourceTree = "<group>"; };
		C2B03A01FA248FBAA46F4D36 /* WebKit.framework */ = {isa = PBXFileReference; lastKnownFileType = wrapper.framework; name = WebKit.framework; path = System/Library/Frameworks/WebKit.framework; sourceTree = SDKROOT; };
		C6A39C6C1490CD6FDAB360D0 /* TimingRules.swift */ = {isa = PBXFileReference; lastKnownFileType = sourcecode.swift; path = TimingRules.swift; sourceTree = "<group>"; };
		C7EA80D40CC10269378752C2 /* EchoMetrics.swift */ = {isa = PBXFileReference; lastKnownFileType = sourcecode.swift; path = EchoMetrics.swift; sourceTree = "<group>"; };
		CA80481E760159BAF7848316 /* rhythm.jpg */ = {isa = PBXFileReference; lastKnownFileType = image.jpeg; path = rhythm.jpg; sourceTree = "<group>"; };
		CB36498504D5EECDEBFBB566 /* ProductionAudioPlayer.swift */ = {isa = PBXFileReference; lastKnownFileType = sourcecode.swift; path = ProductionAudioPlayer.swift; sourceTree = "<group>"; };
		CCC4F2DA0FCD6ACD44169E73 /* EchoSelectionControls.swift */ = {isa = PBXFileReference; lastKnownFileType = sourcecode.swift; path = EchoSelectionControls.swift; sourceTree = "<group>"; };
		CD0C10557BE417596B96067E /* ModelPackageCard.swift */ = {isa = PBXFileReference; lastKnownFileType = sourcecode.swift; path = ModelPackageCard.swift; sourceTree = "<group>"; };
		CED4ED225B4B8516DD0ED2F3 /* WordFlowLayout.swift */ = {isa = PBXFileReference; lastKnownFileType = sourcecode.swift; path = WordFlowLayout.swift; sourceTree = "<group>"; };
		CFD1EDA0476A327213746D77 /* CaptionTranscript.swift */ = {isa = PBXFileReference; lastKnownFileType = sourcecode.swift; path = CaptionTranscript.swift; sourceTree = "<group>"; };
		D04028DB10BB8F73E656276E /* Speech.framework */ = {isa = PBXFileReference; lastKnownFileType = wrapper.framework; name = Speech.framework; path = System/Library/Frameworks/Speech.framework; sourceTree = SDKROOT; };
		D063DA89053A82A338CC942F /* OfflineIPADictionary.swift */ = {isa = PBXFileReference; lastKnownFileType = sourcecode.swift; path = OfflineIPADictionary.swift; sourceTree = "<group>"; };
		D0663A7DB1E0B1403105676A /* Inter-OFL.txt */ = {isa = PBXFileReference; lastKnownFileType = text; path = "Inter-OFL.txt"; sourceTree = "<group>"; };
		D49D196394B94332C268AA34 /* D00CatalogView.swift */ = {isa = PBXFileReference; lastKnownFileType = sourcecode.swift; path = D00CatalogView.swift; sourceTree = "<group>"; };
		D50661E13519CC63EE9E3C1F /* Lesson.swift */ = {isa = PBXFileReference; lastKnownFileType = sourcecode.swift; path = Lesson.swift; sourceTree = "<group>"; };
		D77A9DA982A19A246C459794 /* ipa-dict-MIT.txt */ = {isa = PBXFileReference; lastKnownFileType = text; path = "ipa-dict-MIT.txt"; sourceTree = "<group>"; };
		D9E8F585C1612BC2C107DCD5 /* VideoPreviewView.swift */ = {isa = PBXFileReference; lastKnownFileType = sourcecode.swift; path = VideoPreviewView.swift; sourceTree = "<group>"; };
		DD203105612EB370EAABBA79 /* PreviewFixtures.swift */ = {isa = PBXFileReference; lastKnownFileType = sourcecode.swift; path = PreviewFixtures.swift; sourceTree = "<group>"; };
		E0D8BF1827A131744876751F /* conversation.jpg */ = {isa = PBXFileReference; lastKnownFileType = image.jpeg; path = conversation.jpg; sourceTree = "<group>"; };
		E2FC2892CB262840BEFE1A3E /* PreviewRepository.swift */ = {isa = PBXFileReference; lastKnownFileType = sourcecode.swift; path = PreviewRepository.swift; sourceTree = "<group>"; };
		E354EF5F8080BB0B46D41194 /* AppRootView.swift */ = {isa = PBXFileReference; lastKnownFileType = sourcecode.swift; path = AppRootView.swift; sourceTree = "<group>"; };
		E5267A8E1D09CB7067E41C21 /* ProductionImportService.swift */ = {isa = PBXFileReference; lastKnownFileType = sourcecode.swift; path = ProductionImportService.swift; sourceTree = "<group>"; };
		E57CC66900FE9A1A10D040C2 /* LocalizationTests.swift */ = {isa = PBXFileReference; lastKnownFileType = sourcecode.swift; path = LocalizationTests.swift; sourceTree = "<group>"; };
		E6E6631059721843F9DB67B5 /* ProductionLibraryView.swift */ = {isa = PBXFileReference; lastKnownFileType = sourcecode.swift; path = ProductionLibraryView.swift; sourceTree = "<group>"; };
		E76C0BCB0920D1DC04A12613 /* ipa.sqlite */ = {isa = PBXFileReference; lastKnownFileType = file; path = ipa.sqlite; sourceTree = "<group>"; };
		EC79AC49DEEC3BB33EEE9572 /* IPAAnnotationPreparer.swift */ = {isa = PBXFileReference; lastKnownFileType = sourcecode.swift; path = IPAAnnotationPreparer.swift; sourceTree = "<group>"; };
		ECBF361A987B4ACA9BEB5912 /* DesignSystemFixtures.swift */ = {isa = PBXFileReference; lastKnownFileType = sourcecode.swift; path = DesignSystemFixtures.swift; sourceTree = "<group>"; };
		ED80B8E48700ED28F3B2D244 /* EchoSeekSlider.swift */ = {isa = PBXFileReference; lastKnownFileType = sourcecode.swift; path = EchoSeekSlider.swift; sourceTree = "<group>"; };
		EE3AA3D564ED88CB4B0EAE4D /* Inter.ttf */ = {isa = PBXFileReference; lastKnownFileType = file; path = Inter.ttf; sourceTree = "<group>"; };
		EE8998A31EB8D0ABD5EA431D /* EchoControlState.swift */ = {isa = PBXFileReference; lastKnownFileType = sourcecode.swift; path = EchoControlState.swift; sourceTree = "<group>"; };
		EF5E275B9E9C8EF926FB8AD7 /* LibraryCard.swift */ = {isa = PBXFileReference; lastKnownFileType = sourcecode.swift; path = LibraryCard.swift; sourceTree = "<group>"; };
		F20DC2D5667A4691E8238F90 /* EchoComponents.swift */ = {isa = PBXFileReference; lastKnownFileType = sourcecode.swift; path = EchoComponents.swift; sourceTree = "<group>"; };
		F24F4178D3DC9532BED4E0F4 /* ProductionImportSheet.swift */ = {isa = PBXFileReference; lastKnownFileType = sourcecode.swift; path = ProductionImportSheet.swift; sourceTree = "<group>"; };
		F38DBDA81D48445B8A7256DE /* ProductionShadowingModel.swift */ = {isa = PBXFileReference; lastKnownFileType = sourcecode.swift; path = ProductionShadowingModel.swift; sourceTree = "<group>"; };
		F4FC5305CF290BD9201B7F4B /* PreviewScenariosView.swift */ = {isa = PBXFileReference; lastKnownFileType = sourcecode.swift; path = PreviewScenariosView.swift; sourceTree = "<group>"; };
		F680904F80673298C5DEE717 /* ProductionImportTypes.swift */ = {isa = PBXFileReference; lastKnownFileType = sourcecode.swift; path = ProductionImportTypes.swift; sourceTree = "<group>"; };
		F75BC6687FD4D7A5DA0D1126 /* ResumeCard.swift */ = {isa = PBXFileReference; lastKnownFileType = sourcecode.swift; path = ResumeCard.swift; sourceTree = "<group>"; };
		F98A0AF82E3A81A535CD98C9 /* EchoTextField.swift */ = {isa = PBXFileReference; lastKnownFileType = sourcecode.swift; path = EchoTextField.swift; sourceTree = "<group>"; };
		FA0CAF6F72E4B58367F0A456 /* EchoStore.swift */ = {isa = PBXFileReference; lastKnownFileType = sourcecode.swift; path = EchoStore.swift; sourceTree = "<group>"; };
		FC631B8A50B361291CE49A43 /* ProductionAudioRecorder.swift */ = {isa = PBXFileReference; lastKnownFileType = sourcecode.swift; path = ProductionAudioRecorder.swift; sourceTree = "<group>"; };
		FCB951451129F5AA795669C2 /* StoredLesson.swift */ = {isa = PBXFileReference; lastKnownFileType = sourcecode.swift; path = StoredLesson.swift; sourceTree = "<group>"; };
		FCFD965C38D055497A55B098 /* TranscriptNavigatorView.swift */ = {isa = PBXFileReference; lastKnownFileType = sourcecode.swift; path = TranscriptNavigatorView.swift; sourceTree = "<group>"; };
		FDA68F5ABE9AD36CB87D5F65 /* DesignSystemParityTests.swift */ = {isa = PBXFileReference; lastKnownFileType = sourcecode.swift; path = DesignSystemParityTests.swift; sourceTree = "<group>"; };
		FDFE898663832DA10CF84CD0 /* ProductionShadowingView.swift */ = {isa = PBXFileReference; lastKnownFileType = sourcecode.swift; path = ProductionShadowingView.swift; sourceTree = "<group>"; };
		FE99E306490D8ED64C126EA2 /* PracticeController.swift */ = {isa = PBXFileReference; lastKnownFileType = sourcecode.swift; path = PracticeController.swift; sourceTree = "<group>"; };
		FEF03B855108B4421332C318 /* ProductionImportJobBanner.swift */ = {isa = PBXFileReference; lastKnownFileType = sourcecode.swift; path = ProductionImportJobBanner.swift; sourceTree = "<group>"; };
/* End PBXFileReference section */

/* Begin PBXFrameworksBuildPhase section */
		46F767D87419AE59A4B9E777 /* Frameworks */ = {
			isa = PBXFrameworksBuildPhase;
			buildActionMask = 2147483647;
			files = (
				AF8D10E4CD18D9493CFB3DBB /* libsqlite3.tbd in Frameworks */,
				28709A203777FD7291DA5D1B /* Speech.framework in Frameworks */,
				02152C7676CF451CFC9CAFF3 /* Translation.framework in Frameworks */,
				850C16D2E465309F0946B468 /* WebKit.framework in Frameworks */,
			);
			runOnlyForDeploymentPostprocessing = 0;
		};
/* End PBXFrameworksBuildPhase section */

/* Begin PBXGroup section */
		01736EF1E40503A7E4617804 /* Shadowing */ = {
			isa = PBXGroup;
			children = (
				B4381207C8A39295402A6C60 /* ProductionPreparationSheets.swift */,
				F38DBDA81D48445B8A7256DE /* ProductionShadowingModel.swift */,
				FDFE898663832DA10CF84CD0 /* ProductionShadowingView.swift */,
				8B921979B0DE76A781000723 /* ShadowingView.swift */,
				08612A34D9D544756AC15DB1 /* Components */,
				7B1D13870393E03AB3295151 /* Pronunciation */,
				23D43C7A0CAF46F3E06F292D /* Review */,
				D0112F8607AD2897D11CE881 /* Timing */,
			);
			path = Shadowing;
			sourceTree = "<group>";
		};
		08612A34D9D544756AC15DB1 /* Components */ = {
			isa = PBXGroup;
			children = (
				3E6DE18057C52D243E859D3E /* InlineTakeFeedback.swift */,
				8037794DCA820FA69501FEF9 /* MicrophonePreviewSheet.swift */,
				984A42B05A70F45E394FE883 /* PracticeTransportView.swift */,
				F4FC5305CF290BD9201B7F4B /* PreviewScenariosView.swift */,
				23A4A6DBE72E1A607C472286 /* ReadingSizeControl.swift */,
				8D26BCDB6CF257B8C7F695D9 /* RepeatOptionsView.swift */,
				7D27CC74F5A96020139C5395 /* SentenceView.swift */,
				3225200848BD47EEE0FBED8A /* ShadowingLayout.swift */,
				0CF231879D56C4C0D612214B /* ShadowingPracticeScaffold.swift */,
				2F340FCC62A77F06C246C763 /* ShadowingReviewScaffold.swift */,
				FCFD965C38D055497A55B098 /* TranscriptNavigatorView.swift */,
				D9E8F585C1612BC2C107DCD5 /* VideoPreviewView.swift */,
				5633C2D2AB80B1EF61636BBD /* YouTubeVideoFollowerView.swift */,
			);
			path = Components;
			sourceTree = "<group>";
		};
		0D33F1288D9474A2FF419E87 /* Preview */ = {
			isa = PBXGroup;
			children = (
				FA0CAF6F72E4B58367F0A456 /* EchoStore.swift */,
				FE99E306490D8ED64C126EA2 /* PracticeController.swift */,
				A7DF587646138845B1D1A83C /* PreviewAssessmentService.swift */,
				7562E51F2BF08DCDFFA86D28 /* PreviewImportService.swift */,
				E2FC2892CB262840BEFE1A3E /* PreviewRepository.swift */,
			);
			path = Preview;
			sourceTree = "<group>";
		};
		23D43C7A0CAF46F3E06F292D /* Review */ = {
			isa = PBXGroup;
			children = (
				887F47FE5D5E1ED09996293D /* ReviewDetailsView.swift */,
				20A3F8E5F5556DEB4ECF78A1 /* ReviewPanelView.swift */,
				717C0B55DADA9643F70D5013 /* ReviewSummaryView.swift */,
			);
			path = Review;
			sourceTree = "<group>";
		};
		27767906670964B969D1F637 = {
			isa = PBXGroup;
			children = (
				FB7B91A6A35139922BDFBC68 /* EchoLab */,
				D520404071A7164D05C937BE /* EchoLabTests */,
				99536CD795F4367B5E16CDC4 /* Frameworks */,
				54EBAECE55B1267BBD090913 /* Products */,
			);
			sourceTree = "<group>";
		};
		298A0AC737F16CB4E622D948 /* Features */ = {
			isa = PBXGroup;
			children = (
				347F0205591CC473C62D7BBA /* Library */,
				3C1FCEE49E40FA3A2C7237F9 /* Progress */,
				8A7BE39AA48DFC7ED719FD70 /* Settings */,
				01736EF1E40503A7E4617804 /* Shadowing */,
			);
			path = Features;
			sourceTree = "<group>";
		};
		2CF790FA61D412C7B7D5AE2A /* Models */ = {
			isa = PBXGroup;
			children = (
				4318C1A0FDEDC45B9756164A /* AppLanguage.swift */,
				D50661E13519CC63EE9E3C1F /* Lesson.swift */,
				B089E83E86DA644D37FEB3B8 /* ModelPackage.swift */,
				4A6E55AD967E27D50D43CE08 /* PracticeTake.swift */,
				9825BD1E6392C7893C561D2D /* Preferences.swift */,
				B41A6541F7002EC063561769 /* PreviewSnapshot.swift */,
				FCB951451129F5AA795669C2 /* StoredLesson.swift */,
			);
			path = Models;
			sourceTree = "<group>";
		};
		338E4260C09A001F932E39D6 /* Production */ = {
			isa = PBXGroup;
			children = (
				7C34DF4389D4860B601515BE /* BackendPaths.swift */,
				E57B19CD5A943553F75752E9 /* Import */,
				45FCB4EBF4A37160F3CEAA0E /* Persistence */,
				C5D87EFDEC09521AB36EC4D1 /* Practice */,
				4ECCCE744BA79783C602D0FA /* Preparation */,
			);
			path = Production;
			sourceTree = "<group>";
		};
		347F0205591CC473C62D7BBA /* Library */ = {
			isa = PBXGroup;
			children = (
				20C79912A17B5D3CA5008D36 /* DeleteLessonSheet.swift */,
				6561524A9BFA7E5C5EB6AF31 /* ImportJobBanner.swift */,
				3B80E5FF78577691512DDBC7 /* ImportPreparationPresentation.swift */,
				729D6FDCA6DD095FADE026A5 /* ImportSheet.swift */,
				EF5E275B9E9C8EF926FB8AD7 /* LibraryCard.swift */,
				6021809CAC229B9408062515 /* LibraryView.swift */,
				FEF03B855108B4421332C318 /* ProductionImportJobBanner.swift */,
				12124EA65363F2E3D9F478A4 /* ProductionImportPresentationMapper.swift */,
				F24F4178D3DC9532BED4E0F4 /* ProductionImportSheet.swift */,
				339E2BA6309B240B16FA21E3 /* ProductionLibraryModel.swift */,
				E6E6631059721843F9DB67B5 /* ProductionLibraryView.swift */,
				49AB30FD8C2905A56464EF44 /* QuickRefreshRow.swift */,
				F75BC6687FD4D7A5DA0D1126 /* ResumeCard.swift */,
			);
			path = Library;
			sourceTree = "<group>";
		};
		3C1FCEE49E40FA3A2C7237F9 /* Progress */ = {
			isa = PBXGroup;
			children = (
				9B4FB98605110077038494E1 /* ProgressTakeRow.swift */,
				1819F4F733BE78921644E67D /* ProgressView.swift */,
			);
			path = Progress;
			sourceTree = "<group>";
		};
		45FCB4EBF4A37160F3CEAA0E /* Persistence */ = {
			isa = PBXGroup;
			children = (
				393E1C49BD4F009C864416BA /* ProductionDatabase.swift */,
			);
			path = Persistence;
			sourceTree = "<group>";
		};
		4ECCCE744BA79783C602D0FA /* Preparation */ = {
			isa = PBXGroup;
			children = (
				50CCDC1247E1E58A5101E68F /* AppleSpeechCaptionTranscriber.swift */,
				AC34B805966719EEB911E8C5 /* AppleTranslationPreparer.swift */,
				CFD1EDA0476A327213746D77 /* CaptionTranscript.swift */,
				EC79AC49DEEC3BB33EEE9572 /* IPAAnnotationPreparer.swift */,
				D063DA89053A82A338CC942F /* OfflineIPADictionary.swift */,
			);
			path = Preparation;
			sourceTree = "<group>";
		};
		54EBAECE55B1267BBD090913 /* Products */ = {
			isa = PBXGroup;
			children = (
				7C744372CB839B844F9EE78A /* EchoLab.app */,
				87B3D808DE15C10B1134F230 /* EchoLabTests.xctest */,
			);
			name = Products;
			sourceTree = "<group>";
		};
		64421B4CEEA7F6BF5E1EFEEF /* Mocks */ = {
			isa = PBXGroup;
			children = (
				ECBF361A987B4ACA9BEB5912 /* DesignSystemFixtures.swift */,
				674F7191ADAFFEBE25BA12C0 /* ImportPreparationFixtures.swift */,
				03B735AEC2DD5FD3086A6CBD /* LessonFixtures.swift */,
				0D35F53CE3B9BFF1FBDC7368 /* ModelFixtures.swift */,
				DD203105612EB370EAABBA79 /* PreviewFixtures.swift */,
				0FDF9D828225656A81B077FF /* ReadingPreviewFixtures.swift */,
				6AFC14B9C1FF94B9C657D9BB /* ReviewFixtures.swift */,
			);
			path = Mocks;
			sourceTree = "<group>";
		};
		6CA37A4D98A0788880CB63A4 /* DesignSystem */ = {
			isa = PBXGroup;
			children = (
				768785613B558259ECD92E40 /* EchoBrand.swift */,
				94DFDE507CF23CF9D183F9A5 /* EchoButton.swift */,
				F20DC2D5667A4691E8238F90 /* EchoComponents.swift */,
				EE8998A31EB8D0ABD5EA431D /* EchoControlState.swift */,
				A13CE6F493B3C52E5CA9FAEE /* EchoDialog.swift */,
				3EAB5DB92D0475DBE8797827 /* EchoFeedback.swift */,
				9F15DAC0BB011F0C3D08D34A /* EchoFieldBorder.swift */,
				875FD8C6B1BF7398D5885CF9 /* EchoFont.swift */,
				BD1D5FD2AB0A64D55B1333E0 /* EchoLocalization.swift */,
				0122BF92E9EFCFB8F2C57731 /* EchoMediaThumbnail.swift */,
				C7EA80D40CC10269378752C2 /* EchoMetrics.swift */,
				BBB80D6BD4C4259AD312FBC6 /* EchoMotion.swift */,
				270584325F6DF11DC560DD89 /* EchoNumberField.swift */,
				4B5ADB6ABBDD285B67AB05F0 /* EchoPracticeStatus.swift */,
				539DF4BC874EED4410C87357 /* EchoRowButton.swift */,
				ED80B8E48700ED28F3B2D244 /* EchoSeekSlider.swift */,
				1ACF7E50E3DDD99547F04946 /* EchoSelect.swift */,
				CCC4F2DA0FCD6ACD44169E73 /* EchoSelectionControls.swift */,
				391D038AA6CFA4E41D6DA38B /* EchoSlider.swift */,
				F98A0AF82E3A81A535CD98C9 /* EchoTextField.swift */,
				019C24E20E81FABCD1A8BCF2 /* EchoTheme.swift */,
				6D5CB8FE97337260B720C867 /* EchoTransportButton.swift */,
				523834460E62B68AB6B7610A /* EchoUnsavedSheet.swift */,
				370087264F2CC866C362A67F /* EchoWordToken.swift */,
				CED4ED225B4B8516DD0ED2F3 /* WordFlowLayout.swift */,
				779544637C936FAB9D5D0E39 /* Preview */,
			);
			path = DesignSystem;
			sourceTree = "<group>";
		};
		7430BDDB47D51D4D619CE5BE /* Services */ = {
			isa = PBXGroup;
			children = (
				0D33F1288D9474A2FF419E87 /* Preview */,
				338E4260C09A001F932E39D6 /* Production */,
			);
			path = Services;
			sourceTree = "<group>";
		};
		779544637C936FAB9D5D0E39 /* Preview */ = {
			isa = PBXGroup;
			children = (
				912A33CDB430746A5E359924 /* ComponentGalleryView.swift */,
				B0BEC97636275229852499CF /* ControlSpecimens.swift */,
				D49D196394B94332C268AA34 /* D00CatalogView.swift */,
				7194EA7B504D979AC52C6A1B /* PracticeSpecimens.swift */,
				38B42DB33617AB1A0B48724C /* PresentationSpecimens.swift */,
			);
			path = Preview;
			sourceTree = "<group>";
		};
		7B1D13870393E03AB3295151 /* Pronunciation */ = {
			isa = PBXGroup;
			children = (
				1190356A7B68DCAD5900A707 /* WordPronunciationView.swift */,
			);
			path = Pronunciation;
			sourceTree = "<group>";
		};
		80D5AC093F9621823017643D /* Fonts */ = {
			isa = PBXGroup;
			children = (
				8DEF3CBCB54BBD5B6B528BD0 /* DMMono-OFL.txt */,
				0710C0B69F7A019CE49FF929 /* DMMono-Regular.ttf */,
				7569F431C6E2625AB237F55E /* DMSans-OFL.txt */,
				0A110D98372B16B1A6B0CEB4 /* DMSans.ttf */,
				D0663A7DB1E0B1403105676A /* Inter-OFL.txt */,
				EE3AA3D564ED88CB4B0EAE4D /* Inter.ttf */,
			);
			path = Fonts;
			sourceTree = "<group>";
		};
		8A7BE39AA48DFC7ED719FD70 /* Settings */ = {
			isa = PBXGroup;
			children = (
				0DD578F9A07AD2C5ED69C854 /* GeneralSettingsView.swift */,
				CD0C10557BE417596B96067E /* ModelPackageCard.swift */,
				210E8AF6764ABB67D823E722 /* PackageDetailsView.swift */,
				338D551B21290262325FC815 /* RecordingModelsSettingsView.swift */,
				1971B29459D5F17B6F5BFAF6 /* SettingsLayout.swift */,
				6AEF7688E15DEF6F9A422925 /* SettingsView.swift */,
			);
			path = Settings;
			sourceTree = "<group>";
		};
		99536CD795F4367B5E16CDC4 /* Frameworks */ = {
			isa = PBXGroup;
			children = (
				0EF4672BC8227CC54D5EB813 /* libsqlite3.tbd */,
				D04028DB10BB8F73E656276E /* Speech.framework */,
				B0BBA4D7AE5FC6F7633C6320 /* Translation.framework */,
				C2B03A01FA248FBAA46F4D36 /* WebKit.framework */,
			);
			name = Frameworks;
			sourceTree = "<group>";
		};
		A8C6EF663D90F6592B4A7747 /* Rules */ = {
			isa = PBXGroup;
			children = (
				3AD2A9A377042F07921D41A1 /* ReadingSize.swift */,
				C6A39C6C1490CD6FDAB360D0 /* TimingRules.swift */,
			);
			path = Rules;
			sourceTree = "<group>";
		};
		B386EB3C7481B4F98992A315 /* App */ = {
			isa = PBXGroup;
			children = (
				70B56B61D07BFC555846C306 /* AppLifecycle.swift */,
				E354EF5F8080BB0B46D41194 /* AppRootView.swift */,
				908B4C169C7D22BD48A590A5 /* EchoLab.entitlements */,
				5283CDF43301A636454BDBDD /* EchoLabApp.swift */,
				6FA418735FD98D62B37E0213 /* PreviewRenderer.swift */,
			);
			path = App;
			sourceTree = "<group>";
		};
		BFAF976AA7DBEBF9BDDFCE8E /* Resources */ = {
			isa = PBXGroup;
			children = (
				0F9B6FAB0DBB7FD27EF2D664 /* Brand.xcassets */,
				E0D8BF1827A131744876751F /* conversation.jpg */,
				BDEAC8EC3835C3E90078F407 /* Icons.xcassets */,
				B3FB133AC2056DC2C447FAE8 /* Lucide-LICENSE */,
				6A20836F351A960A07E75423 /* microphone.jpg */,
				CA80481E760159BAF7848316 /* rhythm.jpg */,
				ADB2DB28F300C0B734551AA9 /* story.jpg */,
				80D5AC093F9621823017643D /* Fonts */,
				FBC0B372E1D8886FC83FDE26 /* IPA */,
				AD0EB16F1CC3D3CC72E1C59B /* Localizable.strings */,
			);
			path = Resources;
			sourceTree = "<group>";
		};
		C5D87EFDEC09521AB36EC4D1 /* Practice */ = {
			isa = PBXGroup;
			children = (
				CB36498504D5EECDEBFBB566 /* ProductionAudioPlayer.swift */,
				FC631B8A50B361291CE49A43 /* ProductionAudioRecorder.swift */,
				49A6F24922BDF9F70FB49213 /* ProductionPracticeController.swift */,
				0591998399E6DDCB6A343683 /* ProductionPracticeService.swift */,
				1BCD83F6C3A05437195A0A50 /* ProductionPracticeTypes.swift */,
			);
			path = Practice;
			sourceTree = "<group>";
		};
		D0112F8607AD2897D11CE881 /* Timing */ = {
			isa = PBXGroup;
			children = (
				4C9E2A0720835E1616D3282E /* TimingEditorView.swift */,
				7D6DF9F5FC19FA4DBFCF1C57 /* TimingWaveform.swift */,
			);
			path = Timing;
			sourceTree = "<group>";
		};
		D520404071A7164D05C937BE /* EchoLabTests */ = {
			isa = PBXGroup;
			children = (
				FDA68F5ABE9AD36CB87D5F65 /* DesignSystemParityTests.swift */,
				E57CC66900FE9A1A10D040C2 /* LocalizationTests.swift */,
				A08E8429856D636DC37A51D0 /* PracticeLifecycleTests.swift */,
				BEF60D6C3C5CC0087E77D436 /* PreviewPersistenceTests.swift */,
				7301D100AF53E26E2C30070C /* ProductionPersistenceTests.swift */,
				5AFFB2F90C5D1761F226DDEB /* ReadingInteractionTests.swift */,
				3B778F52B17132B431B43769 /* TimingRulesTests.swift */,
			);
			path = EchoLabTests;
			sourceTree = "<group>";
		};
		E57B19CD5A943553F75752E9 /* Import */ = {
			isa = PBXGroup;
			children = (
				45266748E3409A8EE22AA5EB /* BundledImportToolchain.swift */,
				E5267A8E1D09CB7067E41C21 /* ProductionImportService.swift */,
				F680904F80673298C5DEE717 /* ProductionImportTypes.swift */,
				B275AE7B4EA12AAB81EC0FD5 /* SubprocessRunner.swift */,
			);
			path = Import;
			sourceTree = "<group>";
		};
		FAA66B6BD6BF15EECE1A93C9 /* Domain */ = {
			isa = PBXGroup;
			children = (
				2CF790FA61D412C7B7D5AE2A /* Models */,
				A8C6EF663D90F6592B4A7747 /* Rules */,
			);
			path = Domain;
			sourceTree = "<group>";
		};
		FB7B91A6A35139922BDFBC68 /* EchoLab */ = {
			isa = PBXGroup;
			children = (
				B386EB3C7481B4F98992A315 /* App */,
				6CA37A4D98A0788880CB63A4 /* DesignSystem */,
				FAA66B6BD6BF15EECE1A93C9 /* Domain */,
				298A0AC737F16CB4E622D948 /* Features */,
				64421B4CEEA7F6BF5E1EFEEF /* Mocks */,
				BFAF976AA7DBEBF9BDDFCE8E /* Resources */,
				7430BDDB47D51D4D619CE5BE /* Services */,
			);
			path = EchoLab;
			sourceTree = "<group>";
		};
		FBC0B372E1D8886FC83FDE26 /* IPA */ = {
			isa = PBXGroup;
			children = (
				A90C0EB6A7A863122FCA4236 /* britfone-MIT.txt */,
				D77A9DA982A19A246C459794 /* ipa-dict-MIT.txt */,
				E76C0BCB0920D1DC04A12613 /* ipa.sqlite */,
				A5A2A2A89303DD9BC9B8DC60 /* README.md */,
			);
			path = IPA;
			sourceTree = "<group>";
		};
/* End PBXGroup section */

/* Begin PBXNativeTarget section */
		35169A9D61084826573EB8D3 /* EchoLabTests */ = {
			isa = PBXNativeTarget;
			buildConfigurationList = 7BD57F744E56F1B571988C57 /* Build configuration list for PBXNativeTarget "EchoLabTests" */;
			buildPhases = (
				0B8A456FC72466D3C4881F3B /* Sources */,
			);
			buildRules = (
			);
			dependencies = (
				8CB0AAFB3CC8DB1994460ABB /* PBXTargetDependency */,
			);
			name = EchoLabTests;
			packageProductDependencies = (
			);
			productName = EchoLabTests;
			productReference = 87B3D808DE15C10B1134F230 /* EchoLabTests.xctest */;
			productType = "com.apple.product-type.bundle.unit-test";
		};
		C2B59B36CD9D74C4D258AFE7 /* EchoLab */ = {
			isa = PBXNativeTarget;
			buildConfigurationList = 53BC4339AFC6E84F716223C7 /* Build configuration list for PBXNativeTarget "EchoLab" */;
			buildPhases = (
				3520E3E7039291FEEB4203D5 /* Check shared UI component usage */,
				0E7B580FDC4D8E89B1CA6EBE /* Sources */,
				9C3581BBC14453B8C89EE68C /* Resources */,
				46F767D87419AE59A4B9E777 /* Frameworks */,
				D8DACB7B35A141BDC4310573 /* Stage verified import toolchain */,
			);
			buildRules = (
			);
			dependencies = (
			);
			name = EchoLab;
			packageProductDependencies = (
			);
			productName = EchoLab;
			productReference = 7C744372CB839B844F9EE78A /* EchoLab.app */;
			productType = "com.apple.product-type.application";
		};
/* End PBXNativeTarget section */

/* Begin PBXProject section */
		712088D69C254C269D2C6851 /* Project object */ = {
			isa = PBXProject;
			attributes = {
				BuildIndependentTargetsInParallel = YES;
				LastUpgradeCheck = 1430;
				TargetAttributes = {
					35169A9D61084826573EB8D3 = {
						ProvisioningStyle = Manual;
					};
					C2B59B36CD9D74C4D258AFE7 = {
						ProvisioningStyle = Manual;
					};
				};
			};
			buildConfigurationList = 20B71DF9FAF33708457E2011 /* Build configuration list for PBXProject "EchoLab" */;
			developmentRegion = en;
			hasScannedForEncodings = 0;
			knownRegions = (
				Base,
				en,
				vi,
			);
			mainGroup = 27767906670964B969D1F637;
			minimizedProjectReferenceProxies = 1;
			preferredProjectObjectVersion = 77;
			productRefGroup = 54EBAECE55B1267BBD090913 /* Products */;
			projectDirPath = "";
			projectRoot = "";
			targets = (
				C2B59B36CD9D74C4D258AFE7 /* EchoLab */,
				35169A9D61084826573EB8D3 /* EchoLabTests */,
			);
		};
/* End PBXProject section */

/* Begin PBXResourcesBuildPhase section */
		9C3581BBC14453B8C89EE68C /* Resources */ = {
			isa = PBXResourcesBuildPhase;
			buildActionMask = 2147483647;
			files = (
				B599BCDED01D0507FAD35BAC /* Brand.xcassets in Resources */,
				027B77F2EA2D8D5AC6EC5A4D /* DMMono-OFL.txt in Resources */,
				9E457813CEDDD6FE5F53C16E /* DMMono-Regular.ttf in Resources */,
				4F29BA005745574CC025460E /* DMSans-OFL.txt in Resources */,
				ED56818965C2176A4E0895F0 /* DMSans.ttf in Resources */,
				E848C67376A2F0F182106468 /* Icons.xcassets in Resources */,
				14FC964FDF1C02A5BD7ED9B1 /* Inter-OFL.txt in Resources */,
				525E04AF07CC3B9C71B69322 /* Inter.ttf in Resources */,
				01BFFB4E5FF7D8DDD8CBD30A /* Localizable.strings in Resources */,
				4EBAC6D634D29C5C571FF69A /* Lucide-LICENSE in Resources */,
				8519CB99E1743D09267B8A80 /* README.md in Resources */,
				1D7421155D72341F2A6E9E96 /* britfone-MIT.txt in Resources */,
				62B82F06661AA21DFFD1B60A /* conversation.jpg in Resources */,
				9684FA49A03345E197399BED /* ipa-dict-MIT.txt in Resources */,
				132EADBB7C77B60CF0BF8E2F /* ipa.sqlite in Resources */,
				CA2AFC0CD87F686C03F34B04 /* microphone.jpg in Resources */,
				F2529A55C8BECE5546EE1424 /* rhythm.jpg in Resources */,
				D22A2D8B14145D24B43CF663 /* story.jpg in Resources */,
			);
			runOnlyForDeploymentPostprocessing = 0;
		};
/* End PBXResourcesBuildPhase section */

/* Begin PBXShellScriptBuildPhase section */
		3520E3E7039291FEEB4203D5 /* Check shared UI component usage */ = {
			isa = PBXShellScriptBuildPhase;
			alwaysOutOfDate = 1;
			buildActionMask = 2147483647;
			files = (
			);
			inputFileListPaths = (
			);
			inputPaths = (
			);
			name = "Check shared UI component usage";
			outputFileListPaths = (
			);
			outputPaths = (
			);
			runOnlyForDeploymentPostprocessing = 0;
			shellPath = /bin/sh;
			shellScript = "bash \"${SRCROOT}/scripts/check-ui-components.sh\"";
		};
		D8DACB7B35A141BDC4310573 /* Stage verified import toolchain */ = {
			isa = PBXShellScriptBuildPhase;
			alwaysOutOfDate = 1;
			buildActionMask = 2147483647;
			files = (
			);
			inputFileListPaths = (
			);
			inputPaths = (
			);
			name = "Stage verified import toolchain";
			outputFileListPaths = (
			);
			outputPaths = (
			);
			runOnlyForDeploymentPostprocessing = 0;
			shellPath = /bin/sh;
			shellScript = "bash \"${SRCROOT}/scripts/stage-toolchain.sh\"";
		};
/* End PBXShellScriptBuildPhase section */

/* Begin PBXSourcesBuildPhase section */
		0B8A456FC72466D3C4881F3B /* Sources */ = {
			isa = PBXSourcesBuildPhase;
			buildActionMask = 2147483647;
			files = (
				F8E46A013EB456F9A64F12E8 /* DesignSystemParityTests.swift in Sources */,
				0C6F71455B27C39536E0C469 /* LocalizationTests.swift in Sources */,
				19C7A981204646DB82449F8F /* PracticeLifecycleTests.swift in Sources */,
				D844C62215D7706FD25FD991 /* PreviewPersistenceTests.swift in Sources */,
				E1BCCD1B693F6E26BBBE3BE6 /* ProductionPersistenceTests.swift in Sources */,
				FABFC8171EB79DFD7C57AEEE /* ReadingInteractionTests.swift in Sources */,
				EE7A7BDA764371F888E76DE5 /* TimingRulesTests.swift in Sources */,
			);
			runOnlyForDeploymentPostprocessing = 0;
		};
		0E7B580FDC4D8E89B1CA6EBE /* Sources */ = {
			isa = PBXSourcesBuildPhase;
			buildActionMask = 2147483647;
			files = (
				83B8A984E03D2CCEA663B95A /* AppLanguage.swift in Sources */,
				27C073E8DF095ED03B46EAE2 /* AppLifecycle.swift in Sources */,
				A69D3499F0ACAFC4FA61DDD8 /* AppRootView.swift in Sources */,
				CB53A533EFF9403DFD51354F /* AppleSpeechCaptionTranscriber.swift in Sources */,
				E419D1B904430A9FB5EB14EE /* AppleTranslationPreparer.swift in Sources */,
				E145C5B2986A3212D25D520C /* BackendPaths.swift in Sources */,
				FB69BB0699566F83A8832C6A /* BundledImportToolchain.swift in Sources */,
				0C61B9DCAC101E125C0DCC98 /* CaptionTranscript.swift in Sources */,
				1D97E6762A0706A99ADA6E93 /* ComponentGalleryView.swift in Sources */,
				8856FC25F877A50DFEA224D2 /* ControlSpecimens.swift in Sources */,
				869D36877A4B0D7EDDED1264 /* D00CatalogView.swift in Sources */,
				9D5651EA6BA32902CFCE8F44 /* DeleteLessonSheet.swift in Sources */,
				8D69633150B7BC1BA84C85C9 /* DesignSystemFixtures.swift in Sources */,
				20E543D9FADD896F0F53AD84 /* EchoBrand.swift in Sources */,
				A2A5D73B682B6A95E2D7A214 /* EchoButton.swift in Sources */,
				C8E929373642133DDA5C298B /* EchoComponents.swift in Sources */,
				CC32F4B8835C4A5C85286297 /* EchoControlState.swift in Sources */,
				1B66EE282931CCA391780CE9 /* EchoDialog.swift in Sources */,
				1672A89528909B11B225EA48 /* EchoFeedback.swift in Sources */,
				D972929B39A1BE32A6B5EEB8 /* EchoFieldBorder.swift in Sources */,
				4B64C155C3FA8EEA520E436A /* EchoFont.swift in Sources */,
				714DEE3E566BBFB235B96819 /* EchoLabApp.swift in Sources */,
				2F432B507BE2EA4CDA1799E7 /* EchoLocalization.swift in Sources */,
				7F2B927A985610892513682F /* EchoMediaThumbnail.swift in Sources */,
				3B73461E9C97975A2086E8EC /* EchoMetrics.swift in Sources */,
				C1BB3A9B82CB81B0E3AC4376 /* EchoMotion.swift in Sources */,
				E61537AE3957FC172214E5E6 /* EchoNumberField.swift in Sources */,
				58DCD773FE259749883DE129 /* EchoPracticeStatus.swift in Sources */,
				DEB2832374FB3E74FD4E86E2 /* EchoRowButton.swift in Sources */,
				140D963DBE9496344AE7C444 /* EchoSeekSlider.swift in Sources */,
				0D2A84DFB0CF7E32445C6921 /* EchoSelect.swift in Sources */,
				ECA2E28FACBC5E5E04CA19C0 /* EchoSelectionControls.swift in Sources */,
				029D1770401F5DFD895110B0 /* EchoSlider.swift in Sources */,
				224F650D38218A35040EE008 /* EchoStore.swift in Sources */,
				EB9F27609FA0EFA2F1A51620 /* EchoTextField.swift in Sources */,
				3FBF88A7BF2025838449BC82 /* EchoTheme.swift in Sources */,
				E6EDC7C9899D9209EF8836AC /* EchoTransportButton.swift in Sources */,
				FB8BB9578B49880D348AF529 /* EchoUnsavedSheet.swift in Sources */,
				7D08599C042A3A1FB3CEB20F /* EchoWordToken.swift in Sources */,
				37C15BF38A46FA9D02AED52A /* GeneralSettingsView.swift in Sources */,
				FB968F7E43CD811E5874419E /* IPAAnnotationPreparer.swift in Sources */,
				C0AE26C2DA334A2BC8AE9612 /* ImportJobBanner.swift in Sources */,
				D1158FD86D3DF6FD8436184F /* ImportPreparationFixtures.swift in Sources */,
				C115D106733E200269C4F990 /* ImportPreparationPresentation.swift in Sources */,
				A617709BFF1A658FBFEB8566 /* ImportSheet.swift in Sources */,
				19837BD9D5D52B29E4A6D3DC /* InlineTakeFeedback.swift in Sources */,
				BA65BEF35DCAA3AD612047D2 /* Lesson.swift in Sources */,
				13CD2769D43EDB965CF56D49 /* LessonFixtures.swift in Sources */,
				657EC7333DDB41ED2C1E1933 /* LibraryCard.swift in Sources */,
				AC8E56C8CA60CCD982C848BA /* LibraryView.swift in Sources */,
				1CBEF26024EE3C3C0F39E402 /* MicrophonePreviewSheet.swift in Sources */,
				C83A8E0072C0D057540770A3 /* ModelFixtures.swift in Sources */,
				84F21D197B4A95F52B1982AF /* ModelPackage.swift in Sources */,
				270B01718178D542C2926DB6 /* ModelPackageCard.swift in Sources */,
				B9D875688F36BFC244AFC46F /* OfflineIPADictionary.swift in Sources */,
				F46DBB5FCFE748DFC661EF30 /* PackageDetailsView.swift in Sources */,
				C9B8356FAF94940D2472784A /* PracticeController.swift in Sources */,
				287A4BAB10D755F5A394C966 /* PracticeSpecimens.swift in Sources */,
				26655E8CA203BE8E1E813C21 /* PracticeTake.swift in Sources */,
				DA0968562EC490C9C5724E11 /* PracticeTransportView.swift in Sources */,
				61F528F02AC4982CF7301DE0 /* Preferences.swift in Sources */,
				5630A425B34E34A72B06B867 /* PresentationSpecimens.swift in Sources */,
				6BC414D0B291DD8A2FCAD98F /* PreviewAssessmentService.swift in Sources */,
				DCB3C4ECEFC9989CEBD7AF1D /* PreviewFixtures.swift in Sources */,
				2C8C086F3F332898EFC5EB6E /* PreviewImportService.swift in Sources */,
				1EADEE92345CBC98E931EF87 /* PreviewRenderer.swift in Sources */,
				E00831920D170F180071A82E /* PreviewRepository.swift in Sources */,
				B3E87DCACD3CB64C8246F11E /* PreviewScenariosView.swift in Sources */,
				A8EEBB6C5F9BA11A8209F32B /* PreviewSnapshot.swift in Sources */,
				01DA58E48A501C6B08F4F7BD /* ProductionAudioPlayer.swift in Sources */,
				A79F4FBE5D4E4573905EBBDB /* ProductionAudioRecorder.swift in Sources */,
				422212407A67078B8C2A78D8 /* ProductionDatabase.swift in Sources */,
				E754029E8E4575B8FF1B6FA8 /* ProductionImportJobBanner.swift in Sources */,
				2CE2645A101F366180C4AB57 /* ProductionImportPresentationMapper.swift in Sources */,
				D762B010405C2C8CEC6B9D20 /* ProductionImportService.swift in Sources */,
				28FB3656C2FD3C4E31935A17 /* ProductionImportSheet.swift in Sources */,
				08A09E5FA25B56F3C463A437 /* ProductionImportTypes.swift in Sources */,
				4904254A30A59730472AB495 /* ProductionLibraryModel.swift in Sources */,
				136EB1E6D620D9BE1FCB0D05 /* ProductionLibraryView.swift in Sources */,
				D9D2BCF2847AA9CEBB5B6DD2 /* ProductionPracticeController.swift in Sources */,
				0A74644A94EC9BDF98D04B76 /* ProductionPracticeService.swift in Sources */,
				D04229A740CBEB09EA7A4874 /* ProductionPracticeTypes.swift in Sources */,
				D18013657AEDFC157F547BCC /* ProductionPreparationSheets.swift in Sources */,
				501BD887AB251F643AA935DF /* ProductionShadowingModel.swift in Sources */,
				2EF1D4F55DC904EDA03F1A2E /* ProductionShadowingView.swift in Sources */,
				9CF712C6DECC6AB6DC97EFC8 /* ProgressTakeRow.swift in Sources */,
				DB8A6928D699980A501F906E /* ProgressView.swift in Sources */,
				8EC8624986E0E78C63A3C247 /* QuickRefreshRow.swift in Sources */,
				84BFCF1B0178CF4389FC62A6 /* ReadingPreviewFixtures.swift in Sources */,
				A61A7FDF068ABC9B6C25F8A1 /* ReadingSize.swift in Sources */,
				474D6998D37881F3F046B18F /* ReadingSizeControl.swift in Sources */,
				B9D8D0AC79B4146B642DA44E /* RecordingModelsSettingsView.swift in Sources */,
				A61DEE173B5DA73EC606333A /* RepeatOptionsView.swift in Sources */,
				158A40E6B4036F1C82A3870C /* ResumeCard.swift in Sources */,
				0DE4823C41BB6E25C9DEF9CB /* ReviewDetailsView.swift in Sources */,
				83058B8D893437DBA7E56EDE /* ReviewFixtures.swift in Sources */,
				F25EE1B2A329E75C463A8258 /* ReviewPanelView.swift in Sources */,
				A4D6361F4BE91E3788AC6805 /* ReviewSummaryView.swift in Sources */,
				0D92FEF95B967E728A6F7C61 /* SentenceView.swift in Sources */,
				67D191FBD34DA73E80A7E0B2 /* SettingsLayout.swift in Sources */,
				FA4875548F805788F51E1D61 /* SettingsView.swift in Sources */,
				5EF99694ACDC4C87845B80D0 /* ShadowingLayout.swift in Sources */,
				B738D87967B12A0D7BD66113 /* ShadowingPracticeScaffold.swift in Sources */,
				77729ADD0CA8850FD7C84718 /* ShadowingReviewScaffold.swift in Sources */,
				A60C7C8F00C8CD1A83340E8F /* ShadowingView.swift in Sources */,
				0D5A8517F2759866D4088545 /* StoredLesson.swift in Sources */,
				6D1EFB45692265EE148F5750 /* SubprocessRunner.swift in Sources */,
				86E6E6C5CC0F84CD5DC0E971 /* TimingEditorView.swift in Sources */,
				5CD0A9B063CC3C7930835409 /* TimingRules.swift in Sources */,
				7DD4E1838F4775BC06243CED /* TimingWaveform.swift in Sources */,
				9A64C72D048DDAE37B063D53 /* TranscriptNavigatorView.swift in Sources */,
				2AA75FC0FB8BA3B73822C4AE /* VideoPreviewView.swift in Sources */,
				C11B00E4D0A333FAB4F5D284 /* WordFlowLayout.swift in Sources */,
				B0B0861A6A5AEAB034BB3ABE /* WordPronunciationView.swift in Sources */,
				71855A82206463166F3FD1DF /* YouTubeVideoFollowerView.swift in Sources */,
			);
			runOnlyForDeploymentPostprocessing = 0;
		};
/* End PBXSourcesBuildPhase section */

/* Begin PBXTargetDependency section */
		8CB0AAFB3CC8DB1994460ABB /* PBXTargetDependency */ = {
			isa = PBXTargetDependency;
			target = C2B59B36CD9D74C4D258AFE7 /* EchoLab */;
			targetProxy = B949909DE7A9F9A35A53B225 /* PBXContainerItemProxy */;
		};
/* End PBXTargetDependency section */

/* Begin PBXVariantGroup section */
		AD0EB16F1CC3D3CC72E1C59B /* Localizable.strings */ = {
			isa = PBXVariantGroup;
			children = (
				ADAC8C3569090BCCE4C6C8E5 /* en */,
				9040FFDB2AB5F1C903433A49 /* vi */,
			);
			name = Localizable.strings;
			sourceTree = "<group>";
		};
/* End PBXVariantGroup section */

/* Begin XCBuildConfiguration section */
		085E4B557DD87FB2A3455599 /* Debug */ = {
			isa = XCBuildConfiguration;
			buildSettings = {
				ALWAYS_SEARCH_USER_PATHS = NO;
				ARCHS = arm64;
				CLANG_ANALYZER_NONNULL = YES;
				CLANG_ANALYZER_NUMBER_OBJECT_CONVERSION = YES_AGGRESSIVE;
				CLANG_CXX_LANGUAGE_STANDARD = "gnu++14";
				CLANG_CXX_LIBRARY = "libc++";
				CLANG_ENABLE_MODULES = YES;
				CLANG_ENABLE_OBJC_ARC = YES;
				CLANG_ENABLE_OBJC_WEAK = YES;
				CLANG_WARN_BLOCK_CAPTURE_AUTORELEASING = YES;
				CLANG_WARN_BOOL_CONVERSION = YES;
				CLANG_WARN_COMMA = YES;
				CLANG_WARN_CONSTANT_CONVERSION = YES;
				CLANG_WARN_DEPRECATED_OBJC_IMPLEMENTATIONS = YES;
				CLANG_WARN_DIRECT_OBJC_ISA_USAGE = YES_ERROR;
				CLANG_WARN_DOCUMENTATION_COMMENTS = YES;
				CLANG_WARN_EMPTY_BODY = YES;
				CLANG_WARN_ENUM_CONVERSION = YES;
				CLANG_WARN_INFINITE_RECURSION = YES;
				CLANG_WARN_INT_CONVERSION = YES;
				CLANG_WARN_NON_LITERAL_NULL_CONVERSION = YES;
				CLANG_WARN_OBJC_IMPLICIT_RETAIN_SELF = YES;
				CLANG_WARN_OBJC_LITERAL_CONVERSION = YES;
				CLANG_WARN_OBJC_ROOT_CLASS = YES_ERROR;
				CLANG_WARN_QUOTED_INCLUDE_IN_FRAMEWORK_HEADER = YES;
				CLANG_WARN_RANGE_LOOP_ANALYSIS = YES;
				CLANG_WARN_STRICT_PROTOTYPES = YES;
				CLANG_WARN_SUSPICIOUS_MOVE = YES;
				CLANG_WARN_UNGUARDED_AVAILABILITY = YES_AGGRESSIVE;
				CLANG_WARN_UNREACHABLE_CODE = YES;
				CLANG_WARN__DUPLICATE_METHOD_MATCH = YES;
				CODE_SIGN_IDENTITY = "-";
				CODE_SIGN_STYLE = Manual;
				COPY_PHASE_STRIP = NO;
				DEBUG_INFORMATION_FORMAT = dwarf;
				ENABLE_STRICT_OBJC_MSGSEND = YES;
				ENABLE_TESTABILITY = YES;
				GCC_C_LANGUAGE_STANDARD = gnu11;
				GCC_DYNAMIC_NO_PIC = NO;
				GCC_NO_COMMON_BLOCKS = YES;
				GCC_OPTIMIZATION_LEVEL = 0;
				GCC_PREPROCESSOR_DEFINITIONS = (
					"$(inherited)",
					"DEBUG=1",
				);
				GCC_WARN_64_TO_32_BIT_CONVERSION = YES;
				GCC_WARN_ABOUT_RETURN_TYPE = YES_ERROR;
				GCC_WARN_UNDECLARED_SELECTOR = YES;
				GCC_WARN_UNINITIALIZED_AUTOS = YES_AGGRESSIVE;
				GCC_WARN_UNUSED_FUNCTION = YES;
				GCC_WARN_UNUSED_VARIABLE = YES;
				MACOSX_DEPLOYMENT_TARGET = 26.0;
				MTL_ENABLE_DEBUG_INFO = INCLUDE_SOURCE;
				MTL_FAST_MATH = YES;
				ONLY_ACTIVE_ARCH = YES;
				PRODUCT_NAME = "$(TARGET_NAME)";
				SDKROOT = macosx;
				SWIFT_ACTIVE_COMPILATION_CONDITIONS = DEBUG;
				SWIFT_OPTIMIZATION_LEVEL = "-Onone";
				SWIFT_VERSION = 6.0;
			};
			name = Debug;
		};
		3BC0800308E6D0BC3B3C9161 /* Release */ = {
			isa = XCBuildConfiguration;
			buildSettings = {
				BUNDLE_LOADER = "$(TEST_HOST)";
				COMBINE_HIDPI_IMAGES = YES;
				GENERATE_INFOPLIST_FILE = YES;
				LD_RUNPATH_SEARCH_PATHS = (
					"$(inherited)",
					"@executable_path/../Frameworks",
					"@loader_path/../Frameworks",
				);
				PRODUCT_BUNDLE_IDENTIFIER = studio.unknown.EchoLabTests;
				SDKROOT = macosx;
				TEST_HOST = "$(BUILT_PRODUCTS_DIR)/EchoLab.app/Contents/MacOS/EchoLab";
			};
			name = Release;
		};
		51BC8F0A55D9A5F6C27E23B1 /* Release */ = {
			isa = XCBuildConfiguration;
			buildSettings = {
				ALWAYS_SEARCH_USER_PATHS = NO;
				ARCHS = arm64;
				CLANG_ANALYZER_NONNULL = YES;
				CLANG_ANALYZER_NUMBER_OBJECT_CONVERSION = YES_AGGRESSIVE;
				CLANG_CXX_LANGUAGE_STANDARD = "gnu++14";
				CLANG_CXX_LIBRARY = "libc++";
				CLANG_ENABLE_MODULES = YES;
				CLANG_ENABLE_OBJC_ARC = YES;
				CLANG_ENABLE_OBJC_WEAK = YES;
				CLANG_WARN_BLOCK_CAPTURE_AUTORELEASING = YES;
				CLANG_WARN_BOOL_CONVERSION = YES;
				CLANG_WARN_COMMA = YES;
				CLANG_WARN_CONSTANT_CONVERSION = YES;
				CLANG_WARN_DEPRECATED_OBJC_IMPLEMENTATIONS = YES;
				CLANG_WARN_DIRECT_OBJC_ISA_USAGE = YES_ERROR;
				CLANG_WARN_DOCUMENTATION_COMMENTS = YES;
				CLANG_WARN_EMPTY_BODY = YES;
				CLANG_WARN_ENUM_CONVERSION = YES;
				CLANG_WARN_INFINITE_RECURSION = YES;
				CLANG_WARN_INT_CONVERSION = YES;
				CLANG_WARN_NON_LITERAL_NULL_CONVERSION = YES;
				CLANG_WARN_OBJC_IMPLICIT_RETAIN_SELF = YES;
				CLANG_WARN_OBJC_LITERAL_CONVERSION = YES;
				CLANG_WARN_OBJC_ROOT_CLASS = YES_ERROR;
				CLANG_WARN_QUOTED_INCLUDE_IN_FRAMEWORK_HEADER = YES;
				CLANG_WARN_RANGE_LOOP_ANALYSIS = YES;
				CLANG_WARN_STRICT_PROTOTYPES = YES;
				CLANG_WARN_SUSPICIOUS_MOVE = YES;
				CLANG_WARN_UNGUARDED_AVAILABILITY = YES_AGGRESSIVE;
				CLANG_WARN_UNREACHABLE_CODE = YES;
				CLANG_WARN__DUPLICATE_METHOD_MATCH = YES;
				CODE_SIGN_IDENTITY = "-";
				CODE_SIGN_STYLE = Manual;
				COPY_PHASE_STRIP = NO;
				DEBUG_INFORMATION_FORMAT = "dwarf-with-dsym";
				ENABLE_NS_ASSERTIONS = NO;
				ENABLE_STRICT_OBJC_MSGSEND = YES;
				GCC_C_LANGUAGE_STANDARD = gnu11;
				GCC_NO_COMMON_BLOCKS = YES;
				GCC_WARN_64_TO_32_BIT_CONVERSION = YES;
				GCC_WARN_ABOUT_RETURN_TYPE = YES_ERROR;
				GCC_WARN_UNDECLARED_SELECTOR = YES;
				GCC_WARN_UNINITIALIZED_AUTOS = YES_AGGRESSIVE;
				GCC_WARN_UNUSED_FUNCTION = YES;
				GCC_WARN_UNUSED_VARIABLE = YES;
				MACOSX_DEPLOYMENT_TARGET = 26.0;
				MTL_ENABLE_DEBUG_INFO = NO;
				MTL_FAST_MATH = YES;
				PRODUCT_NAME = "$(TARGET_NAME)";
				SDKROOT = macosx;
				SWIFT_COMPILATION_MODE = wholemodule;
				SWIFT_OPTIMIZATION_LEVEL = "-O";
				SWIFT_VERSION = 6.0;
			};
			name = Release;
		};
		66DBEF07D68E035A1ECD4EA7 /* Debug */ = {
			isa = XCBuildConfiguration;
			buildSettings = {
				BUNDLE_LOADER = "$(TEST_HOST)";
				COMBINE_HIDPI_IMAGES = YES;
				GENERATE_INFOPLIST_FILE = YES;
				LD_RUNPATH_SEARCH_PATHS = (
					"$(inherited)",
					"@executable_path/../Frameworks",
					"@loader_path/../Frameworks",
				);
				PRODUCT_BUNDLE_IDENTIFIER = studio.unknown.EchoLabTests;
				SDKROOT = macosx;
				TEST_HOST = "$(BUILT_PRODUCTS_DIR)/EchoLab.app/Contents/MacOS/EchoLab";
			};
			name = Debug;
		};
		9C0C1207A534E99AC3CE9A2B /* Debug */ = {
			isa = XCBuildConfiguration;
			buildSettings = {
				ASSETCATALOG_COMPILER_APPICON_NAME = AppIcon;
				CODE_SIGN_ENTITLEMENTS = EchoLab/App/EchoLab.entitlements;
				COMBINE_HIDPI_IMAGES = YES;
				ENABLE_APP_SANDBOX = YES;
				ENABLE_HARDENED_RUNTIME = YES;
				GENERATE_INFOPLIST_FILE = YES;
				INFOPLIST_KEY_CFBundleDisplayName = EchoLab;
				INFOPLIST_KEY_LSApplicationCategoryType = "public.app-category.education";
				INFOPLIST_KEY_NSMicrophoneUsageDescription = "EchoLab records your shadowing takes when you explicitly start recording.";
				INFOPLIST_KEY_NSSpeechRecognitionUsageDescription = "EchoLab uses on-device speech recognition to prepare transcript and word timing for imported lessons.";
				LD_RUNPATH_SEARCH_PATHS = (
					"$(inherited)",
					"@executable_path/../Frameworks",
				);
				PRODUCT_BUNDLE_IDENTIFIER = studio.unknown.EchoLab;
				SDKROOT = macosx;
				SWIFT_STRICT_CONCURRENCY = complete;
			};
			name = Debug;
		};
		CD7A9661163632BB33C57F70 /* Release */ = {
			isa = XCBuildConfiguration;
			buildSettings = {
				ASSETCATALOG_COMPILER_APPICON_NAME = AppIcon;
				CODE_SIGN_ENTITLEMENTS = EchoLab/App/EchoLab.entitlements;
				COMBINE_HIDPI_IMAGES = YES;
				ENABLE_APP_SANDBOX = YES;
				ENABLE_HARDENED_RUNTIME = YES;
				GENERATE_INFOPLIST_FILE = YES;
				INFOPLIST_KEY_CFBundleDisplayName = EchoLab;
				INFOPLIST_KEY_LSApplicationCategoryType = "public.app-category.education";
				INFOPLIST_KEY_NSMicrophoneUsageDescription = "EchoLab records your shadowing takes when you explicitly start recording.";
				INFOPLIST_KEY_NSSpeechRecognitionUsageDescription = "EchoLab uses on-device speech recognition to prepare transcript and word timing for imported lessons.";
				LD_RUNPATH_SEARCH_PATHS = (
					"$(inherited)",
					"@executable_path/../Frameworks",
				);
				PRODUCT_BUNDLE_IDENTIFIER = studio.unknown.EchoLab;
				SDKROOT = macosx;
				SWIFT_STRICT_CONCURRENCY = complete;
			};
			name = Release;
		};
/* End XCBuildConfiguration section */

/* Begin XCConfigurationList section */
		20B71DF9FAF33708457E2011 /* Build configuration list for PBXProject "EchoLab" */ = {
			isa = XCConfigurationList;
			buildConfigurations = (
				085E4B557DD87FB2A3455599 /* Debug */,
				51BC8F0A55D9A5F6C27E23B1 /* Release */,
			);
			defaultConfigurationIsVisible = 0;
			defaultConfigurationName = Debug;
		};
		53BC4339AFC6E84F716223C7 /* Build configuration list for PBXNativeTarget "EchoLab" */ = {
			isa = XCConfigurationList;
			buildConfigurations = (
				9C0C1207A534E99AC3CE9A2B /* Debug */,
				CD7A9661163632BB33C57F70 /* Release */,
			);
			defaultConfigurationIsVisible = 0;
			defaultConfigurationName = Debug;
		};
		7BD57F744E56F1B571988C57 /* Build configuration list for PBXNativeTarget "EchoLabTests" */ = {
			isa = XCConfigurationList;
			buildConfigurations = (
				66DBEF07D68E035A1ECD4EA7 /* Debug */,
				3BC0800308E6D0BC3B3C9161 /* Release */,
			);
			defaultConfigurationIsVisible = 0;
			defaultConfigurationName = Debug;
		};
/* End XCConfigurationList section */
	};
	rootObject = 712088D69C254C269D2C6851 /* Project object */;
}
