{
  "originHash" : "9f7a2f6c771dd55488b8e5b9d91dfaf0e4d4490fdf6ff57ac1bfbcc4acb98bfd",
  "pins" : [
    {
      "identity" : "fluidaudio",
      "kind" : "remoteSourceControl",
      "location" : "https://github.com/FluidInference/FluidAudio",
      "state" : {
        "revision" : "41540ea237350afe5117a082b5c28eda642d0612",
        "version" : "0.15.7"
      }
    },
    {
      "identity" : "swift-argument-parser",
      "kind" : "remoteSourceControl",
      "location" : "https://github.com/apple/swift-argument-parser.git",
      "state" : {
        "revision" : "6a52f3251125d74daf04fcbd5e6f08a75d074382",
        "version" : "1.8.2"
      }
    },
    {
      "identity" : "whisperkit",
      "kind" : "remoteSourceControl",
      "location" : "https://github.com/argmaxinc/WhisperKit",
      "state" : {
        "revision" : "1e2a163736dfa5a198e637ae44c114e1c6d5cc2d",
        "version" : "1.1.0"
      }
    }
  ],
  "version" : 3
}
